// !$*UTF8*$!
{
	archiveVersion = 1;
	classes = {
	};
	objectVersion = 55;
	objects = {

/* Begin PBXBuildFile section */
		3408241E28979B7E002E68FF /* HTTPClient.swift in Sources */ = {isa = PBXBuildFile; fileRef = 3408241D28979B7E002E68FF /* HTTPClient.swift */; };
		340824202897A37D002E68FF /* FeedItemsMapper.swift in Sources */ = {isa = PBXBuildFile; fileRef = 3408241F2897A37D002E68FF /* FeedItemsMapper.swift */; };
		340824232897B14C002E68FF /* URLSessionHTTPClientTests.swift in Sources */ = {isa = PBXBuildFile; fileRef = 340824222897B14C002E68FF /* URLSessionHTTPClientTests.swift */; };
		340824252898B271002E68FF /* URLSessionHTTPClient.swift in Sources */ = {isa = PBXBuildFile; fileRef = 340824242898B271002E68FF /* URLSessionHTTPClient.swift */; };
		3408242D2898CF43002E68FF /* EssentialFeedAPIEndToEndTests.swift in Sources */ = {isa = PBXBuildFile; fileRef = 3408242C2898CF43002E68FF /* EssentialFeedAPIEndToEndTests.swift */; };
		3408242E2898CF43002E68FF /* EssentialFeed.framework in Frameworks */ = {isa = PBXBuildFile; fileRef = 34535CFC2890F21A00CCA78B /* EssentialFeed.framework */; };
		340824342898D52F002E68FF /* XCTTestCase+MemoryLeakTracking.swift in Sources */ = {isa = PBXBuildFile; fileRef = 8002F88C2898044500FD366B /* XCTTestCase+MemoryLeakTracking.swift */; };
		34082439289A1BAC002E68FF /* CacheFeedUseCaseTests.swift in Sources */ = {isa = PBXBuildFile; fileRef = 34082438289A1BAC002E68FF /* CacheFeedUseCaseTests.swift */; };
		3408243C289A3785002E68FF /* LocalFeedLoader.swift in Sources */ = {isa = PBXBuildFile; fileRef = 3408243B289A3785002E68FF /* LocalFeedLoader.swift */; };
		3408243E289A37CE002E68FF /* FeedStore.swift in Sources */ = {isa = PBXBuildFile; fileRef = 3408243D289A37CE002E68FF /* FeedStore.swift */; };
		34082440289A3ED8002E68FF /* RemoteFeedItem.swift in Sources */ = {isa = PBXBuildFile; fileRef = 3408243F289A3ED8002E68FF /* RemoteFeedItem.swift */; };
		34082442289A3F02002E68FF /* LocalFeedImage.swift in Sources */ = {isa = PBXBuildFile; fileRef = 34082441289A3F02002E68FF /* LocalFeedImage.swift */; };
		34082444289A4424002E68FF /* LoadFeedFromCacheUseCaseTests.swift in Sources */ = {isa = PBXBuildFile; fileRef = 34082443289A4424002E68FF /* LoadFeedFromCacheUseCaseTests.swift */; };
		34082447289A4C58002E68FF /* FeedStorySpy.swift in Sources */ = {isa = PBXBuildFile; fileRef = 34082446289A4C58002E68FF /* FeedStorySpy.swift */; };
		34082449289A6573002E68FF /* ValidateFeedCacheUseCaseTests.swift in Sources */ = {isa = PBXBuildFile; fileRef = 34082448289A6573002E68FF /* ValidateFeedCacheUseCaseTests.swift */; };
		3408244B289A67E6002E68FF /* FeedCacheTestHelpers.swift in Sources */ = {isa = PBXBuildFile; fileRef = 3408244A289A67E5002E68FF /* FeedCacheTestHelpers.swift */; };
		3408244D289A6894002E68FF /* SharedTestHelpers.swift in Sources */ = {isa = PBXBuildFile; fileRef = 3408244C289A6894002E68FF /* SharedTestHelpers.swift */; };
		3408244F289A6FAD002E68FF /* FeedCachePolicy.swift in Sources */ = {isa = PBXBuildFile; fileRef = 3408244E289A6FAD002E68FF /* FeedCachePolicy.swift */; };
		34461389289BAA780076062D /* FeedStoreSpecs.swift in Sources */ = {isa = PBXBuildFile; fileRef = 34461388289BAA780076062D /* FeedStoreSpecs.swift */; };
		3446138B289BAAFC0076062D /* XCTestCase+FeedStoreSpecs.swift in Sources */ = {isa = PBXBuildFile; fileRef = 3446138A289BAAFC0076062D /* XCTestCase+FeedStoreSpecs.swift */; };
		34461392289BBA180076062D /* FeedStore.xcdatamodeld in Sources */ = {isa = PBXBuildFile; fileRef = 34461390289BBA180076062D /* FeedStore.xcdatamodeld */; };
		34461394289BBAF90076062D /* CoreDataFeedStoreTests.swift in Sources */ = {isa = PBXBuildFile; fileRef = 34461393289BBAF90076062D /* CoreDataFeedStoreTests.swift */; };
		34461396289BBB6F0076062D /* CoreDataFeedStore.swift in Sources */ = {isa = PBXBuildFile; fileRef = 34461395289BBB6F0076062D /* CoreDataFeedStore.swift */; };
		34461398289C950A0076062D /* CoreDataHelpers.swift in Sources */ = {isa = PBXBuildFile; fileRef = 34461397289C950A0076062D /* CoreDataHelpers.swift */; };
		3446139A289C954C0076062D /* ManagedCache.swift in Sources */ = {isa = PBXBuildFile; fileRef = 34461399289C954C0076062D /* ManagedCache.swift */; };
		3446139C289C956C0076062D /* ManagedFeedImage.swift in Sources */ = {isa = PBXBuildFile; fileRef = 3446139B289C956C0076062D /* ManagedFeedImage.swift */; };
		344613A4289CA2590076062D /* EssentialFeedCacheIntegrationTests.swift in Sources */ = {isa = PBXBuildFile; fileRef = 344613A3289CA2590076062D /* EssentialFeedCacheIntegrationTests.swift */; };
		344613A5289CA2590076062D /* EssentialFeed.framework in Frameworks */ = {isa = PBXBuildFile; fileRef = 34535CFC2890F21A00CCA78B /* EssentialFeed.framework */; };
		344613AB289CA4160076062D /* XCTTestCase+MemoryLeakTracking.swift in Sources */ = {isa = PBXBuildFile; fileRef = 8002F88C2898044500FD366B /* XCTTestCase+MemoryLeakTracking.swift */; };
		344613AC289CA5530076062D /* FeedCacheTestHelpers.swift in Sources */ = {isa = PBXBuildFile; fileRef = 3408244A289A67E5002E68FF /* FeedCacheTestHelpers.swift */; };
		344613AD289CA59D0076062D /* SharedTestHelpers.swift in Sources */ = {isa = PBXBuildFile; fileRef = 3408244C289A6894002E68FF /* SharedTestHelpers.swift */; };
		344613E9289D06160076062D /* EssentialFeediOS.framework in Frameworks */ = {isa = PBXBuildFile; fileRef = 344613E1289D06150076062D /* EssentialFeediOS.framework */; };
		3446140028A0C83A0076062D /* Feed.storyboard in Resources */ = {isa = PBXBuildFile; fileRef = 344613FF28A0C83A0076062D /* Feed.storyboard */; };
		3446140228A0C8B20076062D /* Feed.xcassets in Resources */ = {isa = PBXBuildFile; fileRef = 3446140128A0C8B20076062D /* Feed.xcassets */; };
		3446140628A0D2610076062D /* UITableView+Dequeueing.swift in Sources */ = {isa = PBXBuildFile; fileRef = 3446140528A0D2610076062D /* UITableView+Dequeueing.swift */; };
		3446140828A0D3310076062D /* UIImageView+Animations.swift in Sources */ = {isa = PBXBuildFile; fileRef = 3446140728A0D3310076062D /* UIImageView+Animations.swift */; };
		3446142828A1F3E80076062D /* FeedPresenterTests.swift in Sources */ = {isa = PBXBuildFile; fileRef = 3446142728A1F3E80076062D /* FeedPresenterTests.swift */; };
		3446142A28A1F89A0076062D /* ErrorView.swift in Sources */ = {isa = PBXBuildFile; fileRef = 3446142928A1F89A0076062D /* ErrorView.swift */; };
		3446142F28A1FB620076062D /* UIRefreshControl+Helpers.swift in Sources */ = {isa = PBXBuildFile; fileRef = 3446142E28A1FB620076062D /* UIRefreshControl+Helpers.swift */; };
		3446143928A204AB0076062D /* FeedPresenter.swift in Sources */ = {isa = PBXBuildFile; fileRef = 3446143828A204AB0076062D /* FeedPresenter.swift */; };
		3446143B28A204B30076062D /* FeedLoadingViewModel.swift in Sources */ = {isa = PBXBuildFile; fileRef = 3446143A28A204B30076062D /* FeedLoadingViewModel.swift */; };
		3446143D28A204BC0076062D /* FeedViewModel.swift in Sources */ = {isa = PBXBuildFile; fileRef = 3446143C28A204BC0076062D /* FeedViewModel.swift */; };
		3446143F28A204C40076062D /* FeedErrorViewModel.swift in Sources */ = {isa = PBXBuildFile; fileRef = 3446143E28A204C40076062D /* FeedErrorViewModel.swift */; };
		3446144028A205820076062D /* Feed.strings in Resources */ = {isa = PBXBuildFile; fileRef = 3446143428A2020F0076062D /* Feed.strings */; };
		3446144128A206F30076062D /* FeedLocalizationTests.swift in Sources */ = {isa = PBXBuildFile; fileRef = 3446141328A0DFF80076062D /* FeedLocalizationTests.swift */; };
		3446144328A207840076062D /* FeedImagePresenterTests.swift in Sources */ = {isa = PBXBuildFile; fileRef = 3446144228A207840076062D /* FeedImagePresenterTests.swift */; };
		3446144528A208D00076062D /* FeedImagePresenter.swift in Sources */ = {isa = PBXBuildFile; fileRef = 3446144428A208D00076062D /* FeedImagePresenter.swift */; };
		3446144728A208D80076062D /* FeedImageViewModel.swift in Sources */ = {isa = PBXBuildFile; fileRef = 3446144628A208D80076062D /* FeedImageViewModel.swift */; };
		3446144828A235C40076062D /* FeedImageDataLoader.swift in Sources */ = {isa = PBXBuildFile; fileRef = 80A62F3E289FC27E00A4D69E /* FeedImageDataLoader.swift */; };
		3446144A28A236750076062D /* LoadFeedImageDataFromRemoteUseCaseTests.swift in Sources */ = {isa = PBXBuildFile; fileRef = 3446144928A236750076062D /* LoadFeedImageDataFromRemoteUseCaseTests.swift */; };
		3446144C28A23FDC0076062D /* HTTPClientSpy.swift in Sources */ = {isa = PBXBuildFile; fileRef = 3446144B28A23FDC0076062D /* HTTPClientSpy.swift */; };
		3446144E28A240530076062D /* RemoteFeedImageDataLoader.swift in Sources */ = {isa = PBXBuildFile; fileRef = 3446144D28A240530076062D /* RemoteFeedImageDataLoader.swift */; };
		3446145128A243370076062D /* HTTPURLResponse+StatusCode.swift in Sources */ = {isa = PBXBuildFile; fileRef = 3446145028A243370076062D /* HTTPURLResponse+StatusCode.swift */; };
		3446145328A243940076062D /* URLProtocolStub.swift in Sources */ = {isa = PBXBuildFile; fileRef = 3446145228A243940076062D /* URLProtocolStub.swift */; };
		3446145528A326990076062D /* LocalFeedImageDataLoaderTests.swift in Sources */ = {isa = PBXBuildFile; fileRef = 3446145428A326990076062D /* LocalFeedImageDataLoaderTests.swift */; };
		3446145728A32AA80076062D /* FeedImageDataStore.swift in Sources */ = {isa = PBXBuildFile; fileRef = 3446145628A32AA80076062D /* FeedImageDataStore.swift */; };
		3446145928A32ABA0076062D /* LocalFeedImageDataLoader.swift in Sources */ = {isa = PBXBuildFile; fileRef = 3446145828A32ABA0076062D /* LocalFeedImageDataLoader.swift */; };
		3446145B28A32BE10076062D /* FeedImageDataStoreSpy.swift in Sources */ = {isa = PBXBuildFile; fileRef = 3446145A28A32BE10076062D /* FeedImageDataStoreSpy.swift */; };
		3446145D28A32C3C0076062D /* CacheFeedImageDataUseCaseTests.swift in Sources */ = {isa = PBXBuildFile; fileRef = 3446145C28A32C3C0076062D /* CacheFeedImageDataUseCaseTests.swift */; };
		3446145F28A32D9D0076062D /* CoreDataFeedImageDataStoreTests.swift in Sources */ = {isa = PBXBuildFile; fileRef = 3446145E28A32D9D0076062D /* CoreDataFeedImageDataStoreTests.swift */; };
		3446146528A33B580076062D /* CoreDataFeedStore+FeedImageDataLoader.swift in Sources */ = {isa = PBXBuildFile; fileRef = 3446146428A33B580076062D /* CoreDataFeedStore+FeedImageDataLoader.swift */; };
		3446146728A33D3D0076062D /* CoreDataFeedStore+FeedStore.swift in Sources */ = {isa = PBXBuildFile; fileRef = 3446146628A33D3D0076062D /* CoreDataFeedStore+FeedStore.swift */; };
		344614FC28A39B1A0076062D /* FeedCache.swift in Sources */ = {isa = PBXBuildFile; fileRef = 344614FB28A39B1A0076062D /* FeedCache.swift */; };
		3446150628A498D00076062D /* FeedImageDataCache.swift in Sources */ = {isa = PBXBuildFile; fileRef = 3446150528A498D00076062D /* FeedImageDataCache.swift */; };
		3446154028A5D7E70076062D /* FeedSnapshotTests.swift in Sources */ = {isa = PBXBuildFile; fileRef = 3446153F28A5D7E70076062D /* FeedSnapshotTests.swift */; };
		3446154328A5DB9A0076062D /* UIImage+TestHelpers.swift in Sources */ = {isa = PBXBuildFile; fileRef = 3446154228A5DB9A0076062D /* UIImage+TestHelpers.swift */; };
		3446154528A5DCD60076062D /* UITableView+HeaderSizing.swift in Sources */ = {isa = PBXBuildFile; fileRef = 3446154428A5DCD60076062D /* UITableView+HeaderSizing.swift */; };
		34535D052890F21A00CCA78B /* EssentialFeed.framework in Frameworks */ = {isa = PBXBuildFile; fileRef = 34535CFC2890F21A00CCA78B /* EssentialFeed.framework */; };
		34535D152890F31300CCA78B /* FeedImage.swift in Sources */ = {isa = PBXBuildFile; fileRef = 34535D142890F31300CCA78B /* FeedImage.swift */; };
		34535D172890F36000CCA78B /* FeedLoader.swift in Sources */ = {isa = PBXBuildFile; fileRef = 34535D162890F36000CCA78B /* FeedLoader.swift */; };
		34535D1A2890FA9A00CCA78B /* LoadFeedFromRemoteUseCaseTests.swift in Sources */ = {isa = PBXBuildFile; fileRef = 34535D192890FA9A00CCA78B /* LoadFeedFromRemoteUseCaseTests.swift */; };
		34535D1D28911AB200CCA78B /* RemoteFeedLoader.swift in Sources */ = {isa = PBXBuildFile; fileRef = 34535D1C28911AB200CCA78B /* RemoteFeedLoader.swift */; };
		8002F88D2898044500FD366B /* XCTTestCase+MemoryLeakTracking.swift in Sources */ = {isa = PBXBuildFile; fileRef = 8002F88C2898044500FD366B /* XCTTestCase+MemoryLeakTracking.swift */; };
		80A4C781289E4ED400B70AB1 /* EssentialFeed.framework in Frameworks */ = {isa = PBXBuildFile; fileRef = 34535CFC2890F21A00CCA78B /* EssentialFeed.framework */; platformFilter = ios; };
		80A4C782289E4ED400B70AB1 /* EssentialFeed.framework in Embed Frameworks */ = {isa = PBXBuildFile; fileRef = 34535CFC2890F21A00CCA78B /* EssentialFeed.framework */; settings = {ATTRIBUTES = (CodeSignOnCopy, RemoveHeadersOnCopy, ); }; };
		80A4C786289E4FED00B70AB1 /* XCTTestCase+MemoryLeakTracking.swift in Sources */ = {isa = PBXBuildFile; fileRef = 8002F88C2898044500FD366B /* XCTTestCase+MemoryLeakTracking.swift */; };
		80A4C789289E59EC00B70AB1 /* FeedViewController.swift in Sources */ = {isa = PBXBuildFile; fileRef = 80A4C788289E59EC00B70AB1 /* FeedViewController.swift */; };
		80A4C78B289F8F5600B70AB1 /* FeedImageCell.swift in Sources */ = {isa = PBXBuildFile; fileRef = 80A4C78A289F8F5600B70AB1 /* FeedImageCell.swift */; };
		80A62F3C289FA29200A4D69E /* UIView+Shimmering.swift in Sources */ = {isa = PBXBuildFile; fileRef = 80A62F3B289FA29200A4D69E /* UIView+Shimmering.swift */; };
		80A62F59289FCC2100A4D69E /* FeedImageCellController.swift in Sources */ = {isa = PBXBuildFile; fileRef = 80A62F58289FCC2100A4D69E /* FeedImageCellController.swift */; };
/* End PBXBuildFile section */

/* Begin PBXContainerItemProxy section */
		3408242F2898CF43002E68FF /* PBXContainerItemProxy */ = {
			isa = PBXContainerItemProxy;
			containerPortal = 34535CF32890F21A00CCA78B /* Project object */;
			proxyType = 1;
			remoteGlobalIDString = 34535CFB2890F21A00CCA78B;
			remoteInfo = EssentialFeed;
		};
		344613A6289CA2590076062D /* PBXContainerItemProxy */ = {
			isa = PBXContainerItemProxy;
			containerPortal = 34535CF32890F21A00CCA78B /* Project object */;
			proxyType = 1;
			remoteGlobalIDString = 34535CFB2890F21A00CCA78B;
			remoteInfo = EssentialFeed;
		};
		344613EA289D06160076062D /* PBXContainerItemProxy */ = {
			isa = PBXContainerItemProxy;
			containerPortal = 34535CF32890F21A00CCA78B /* Project object */;
			proxyType = 1;
			remoteGlobalIDString = 344613E0289D06150076062D;
			remoteInfo = EssentialFeediOS;
		};
		34535D062890F21A00CCA78B /* PBXContainerItemProxy */ = {
			isa = PBXContainerItemProxy;
			containerPortal = 34535CF32890F21A00CCA78B /* Project object */;
			proxyType = 1;
			remoteGlobalIDString = 34535CFB2890F21A00CCA78B;
			remoteInfo = EssentialFeed;
		};
		80A4C783289E4ED400B70AB1 /* PBXContainerItemProxy */ = {
			isa = PBXContainerItemProxy;
			containerPortal = 34535CF32890F21A00CCA78B /* Project object */;
			proxyType = 1;
			remoteGlobalIDString = 34535CFB2890F21A00CCA78B;
			remoteInfo = EssentialFeed;
		};
/* End PBXContainerItemProxy section */

/* Begin PBXCopyFilesBuildPhase section */
		80A4C785289E4ED400B70AB1 /* Embed Frameworks */ = {
			isa = PBXCopyFilesBuildPhase;
			buildActionMask = 2147483647;
			dstPath = "";
			dstSubfolderSpec = 10;
			files = (
				80A4C782289E4ED400B70AB1 /* EssentialFeed.framework in Embed Frameworks */,
			);
			name = "Embed Frameworks";
			runOnlyForDeploymentPostprocessing = 0;
		};
/* End PBXCopyFilesBuildPhase section */

/* Begin PBXFileReference section */
		3408241D28979B7E002E68FF /* HTTPClient.swift */ = {isa = PBXFileReference; lastKnownFileType = sourcecode.swift; path = HTTPClient.swift; sourceTree = "<group>"; };
		3408241F2897A37D002E68FF /* FeedItemsMapper.swift */ = {isa = PBXFileReference; lastKnownFileType = sourcecode.swift; path = FeedItemsMapper.swift; sourceTree = "<group>"; };
		340824222897B14C002E68FF /* URLSessionHTTPClientTests.swift */ = {isa = PBXFileReference; lastKnownFileType = sourcecode.swift; path = URLSessionHTTPClientTests.swift; sourceTree = "<group>"; };
		340824242898B271002E68FF /* URLSessionHTTPClient.swift */ = {isa = PBXFileReference; lastKnownFileType = sourcecode.swift; path = URLSessionHTTPClient.swift; sourceTree = "<group>"; };
		3408242A2898CF43002E68FF /* EssentialFeedAPIEndToEndTests.xctest */ = {isa = PBXFileReference; explicitFileType = wrapper.cfbundle; includeInIndex = 0; path = EssentialFeedAPIEndToEndTests.xctest; sourceTree = BUILT_PRODUCTS_DIR; };
		3408242C2898CF43002E68FF /* EssentialFeedAPIEndToEndTests.swift */ = {isa = PBXFileReference; lastKnownFileType = sourcecode.swift; path = EssentialFeedAPIEndToEndTests.swift; sourceTree = "<group>"; };
		34082438289A1BAC002E68FF /* CacheFeedUseCaseTests.swift */ = {isa = PBXFileReference; lastKnownFileType = sourcecode.swift; path = CacheFeedUseCaseTests.swift; sourceTree = "<group>"; };
		3408243B289A3785002E68FF /* LocalFeedLoader.swift */ = {isa = PBXFileReference; lastKnownFileType = sourcecode.swift; path = LocalFeedLoader.swift; sourceTree = "<group>"; };
		3408243D289A37CE002E68FF /* FeedStore.swift */ = {isa = PBXFileReference; lastKnownFileType = sourcecode.swift; path = FeedStore.swift; sourceTree = "<group>"; };
		3408243F289A3ED8002E68FF /* RemoteFeedItem.swift */ = {isa = PBXFileReference; lastKnownFileType = sourcecode.swift; path = RemoteFeedItem.swift; sourceTree = "<group>"; };
		34082441289A3F02002E68FF /* LocalFeedImage.swift */ = {isa = PBXFileReference; lastKnownFileType = sourcecode.swift; path = LocalFeedImage.swift; sourceTree = "<group>"; };
		34082443289A4424002E68FF /* LoadFeedFromCacheUseCaseTests.swift */ = {isa = PBXFileReference; lastKnownFileType = sourcecode.swift; path = LoadFeedFromCacheUseCaseTests.swift; sourceTree = "<group>"; };
		34082446289A4C58002E68FF /* FeedStorySpy.swift */ = {isa = PBXFileReference; lastKnownFileType = sourcecode.swift; path = FeedStorySpy.swift; sourceTree = "<group>"; };
		34082448289A6573002E68FF /* ValidateFeedCacheUseCaseTests.swift */ = {isa = PBXFileReference; lastKnownFileType = sourcecode.swift; path = ValidateFeedCacheUseCaseTests.swift; sourceTree = "<group>"; };
		3408244A289A67E5002E68FF /* FeedCacheTestHelpers.swift */ = {isa = PBXFileReference; lastKnownFileType = sourcecode.swift; path = FeedCacheTestHelpers.swift; sourceTree = "<group>"; };
		3408244C289A6894002E68FF /* SharedTestHelpers.swift */ = {isa = PBXFileReference; lastKnownFileType = sourcecode.swift; path = SharedTestHelpers.swift; sourceTree = "<group>"; };
		3408244E289A6FAD002E68FF /* FeedCachePolicy.swift */ = {isa = PBXFileReference; lastKnownFileType = sourcecode.swift; path = FeedCachePolicy.swift; sourceTree = "<group>"; };
		34461388289BAA780076062D /* FeedStoreSpecs.swift */ = {isa = PBXFileReference; lastKnownFileType = sourcecode.swift; path = FeedStoreSpecs.swift; sourceTree = "<group>"; };
		3446138A289BAAFC0076062D /* XCTestCase+FeedStoreSpecs.swift */ = {isa = PBXFileReference; lastKnownFileType = sourcecode.swift; path = "XCTestCase+FeedStoreSpecs.swift"; sourceTree = "<group>"; };
		34461391289BBA180076062D /* FeedStore.xcdatamodel */ = {isa = PBXFileReference; lastKnownFileType = wrapper.xcdatamodel; path = FeedStore.xcdatamodel; sourceTree = "<group>"; };
		34461393289BBAF90076062D /* CoreDataFeedStoreTests.swift */ = {isa = PBXFileReference; lastKnownFileType = sourcecode.swift; path = CoreDataFeedStoreTests.swift; sourceTree = "<group>"; };
		34461395289BBB6F0076062D /* CoreDataFeedStore.swift */ = {isa = PBXFileReference; lastKnownFileType = sourcecode.swift; path = CoreDataFeedStore.swift; sourceTree = "<group>"; };
		34461397289C950A0076062D /* CoreDataHelpers.swift */ = {isa = PBXFileReference; lastKnownFileType = sourcecode.swift; path = CoreDataHelpers.swift; sourceTree = "<group>"; };
		34461399289C954C0076062D /* ManagedCache.swift */ = {isa = PBXFileReference; lastKnownFileType = sourcecode.swift; path = ManagedCache.swift; sourceTree = "<group>"; };
		3446139B289C956C0076062D /* ManagedFeedImage.swift */ = {isa = PBXFileReference; lastKnownFileType = sourcecode.swift; path = ManagedFeedImage.swift; sourceTree = "<group>"; };
		344613A1289CA2590076062D /* EssentialFeedCacheIntegrationTests.xctest */ = {isa = PBXFileReference; explicitFileType = wrapper.cfbundle; includeInIndex = 0; path = EssentialFeedCacheIntegrationTests.xctest; sourceTree = BUILT_PRODUCTS_DIR; };
		344613A3289CA2590076062D /* EssentialFeedCacheIntegrationTests.swift */ = {isa = PBXFileReference; lastKnownFileType = sourcecode.swift; path = EssentialFeedCacheIntegrationTests.swift; sourceTree = "<group>"; };
		344613E1289D06150076062D /* EssentialFeediOS.framework */ = {isa = PBXFileReference; explicitFileType = wrapper.framework; includeInIndex = 0; path = EssentialFeediOS.framework; sourceTree = BUILT_PRODUCTS_DIR; };
		344613E8289D06160076062D /* EssentialFeediOSTests.xctest */ = {isa = PBXFileReference; explicitFileType = wrapper.cfbundle; includeInIndex = 0; path = EssentialFeediOSTests.xctest; sourceTree = BUILT_PRODUCTS_DIR; };
		344613FF28A0C83A0076062D /* Feed.storyboard */ = {isa = PBXFileReference; lastKnownFileType = file.storyboard; path = Feed.storyboard; sourceTree = "<group>"; };
		3446140128A0C8B20076062D /* Feed.xcassets */ = {isa = PBXFileReference; lastKnownFileType = folder.assetcatalog; path = Feed.xcassets; sourceTree = "<group>"; };
		3446140528A0D2610076062D /* UITableView+Dequeueing.swift */ = {isa = PBXFileReference; lastKnownFileType = sourcecode.swift; path = "UITableView+Dequeueing.swift"; sourceTree = "<group>"; };
		3446140728A0D3310076062D /* UIImageView+Animations.swift */ = {isa = PBXFileReference; lastKnownFileType = sourcecode.swift; path = "UIImageView+Animations.swift"; sourceTree = "<group>"; };
		3446141328A0DFF80076062D /* FeedLocalizationTests.swift */ = {isa = PBXFileReference; lastKnownFileType = sourcecode.swift; path = FeedLocalizationTests.swift; sourceTree = "<group>"; };
		3446142728A1F3E80076062D /* FeedPresenterTests.swift */ = {isa = PBXFileReference; lastKnownFileType = sourcecode.swift; path = FeedPresenterTests.swift; sourceTree = "<group>"; };
		3446142928A1F89A0076062D /* ErrorView.swift */ = {isa = PBXFileReference; lastKnownFileType = sourcecode.swift; path = ErrorView.swift; sourceTree = "<group>"; };
		3446142E28A1FB620076062D /* UIRefreshControl+Helpers.swift */ = {isa = PBXFileReference; lastKnownFileType = sourcecode.swift; path = "UIRefreshControl+Helpers.swift"; sourceTree = "<group>"; };
		3446143328A2020F0076062D /* en */ = {isa = PBXFileReference; lastKnownFileType = text.plist.strings; name = en; path = en.lproj/Feed.strings; sourceTree = "<group>"; };
		3446143528A202100076062D /* el */ = {isa = PBXFileReference; lastKnownFileType = text.plist.strings; name = el; path = el.lproj/Feed.strings; sourceTree = "<group>"; };
		3446143628A202110076062D /* pt-BR */ = {isa = PBXFileReference; lastKnownFileType = text.plist.strings; name = "pt-BR"; path = "pt-BR.lproj/Feed.strings"; sourceTree = "<group>"; };
		3446143828A204AB0076062D /* FeedPresenter.swift */ = {isa = PBXFileReference; lastKnownFileType = sourcecode.swift; path = FeedPresenter.swift; sourceTree = "<group>"; };
		3446143A28A204B30076062D /* FeedLoadingViewModel.swift */ = {isa = PBXFileReference; lastKnownFileType = sourcecode.swift; path = FeedLoadingViewModel.swift; sourceTree = "<group>"; };
		3446143C28A204BC0076062D /* FeedViewModel.swift */ = {isa = PBXFileReference; lastKnownFileType = sourcecode.swift; path = FeedViewModel.swift; sourceTree = "<group>"; };
		3446143E28A204C40076062D /* FeedErrorViewModel.swift */ = {isa = PBXFileReference; lastKnownFileType = sourcecode.swift; path = FeedErrorViewModel.swift; sourceTree = "<group>"; };
		3446144228A207840076062D /* FeedImagePresenterTests.swift */ = {isa = PBXFileReference; lastKnownFileType = sourcecode.swift; path = FeedImagePresenterTests.swift; sourceTree = "<group>"; };
		3446144428A208D00076062D /* FeedImagePresenter.swift */ = {isa = PBXFileReference; lastKnownFileType = sourcecode.swift; path = FeedImagePresenter.swift; sourceTree = "<group>"; };
		3446144628A208D80076062D /* FeedImageViewModel.swift */ = {isa = PBXFileReference; lastKnownFileType = sourcecode.swift; path = FeedImageViewModel.swift; sourceTree = "<group>"; };
		3446144928A236750076062D /* LoadFeedImageDataFromRemoteUseCaseTests.swift */ = {isa = PBXFileReference; lastKnownFileType = sourcecode.swift; path = LoadFeedImageDataFromRemoteUseCaseTests.swift; sourceTree = "<group>"; };
		3446144B28A23FDC0076062D /* HTTPClientSpy.swift */ = {isa = PBXFileReference; lastKnownFileType = sourcecode.swift; path = HTTPClientSpy.swift; sourceTree = "<group>"; };
		3446144D28A240530076062D /* RemoteFeedImageDataLoader.swift */ = {isa = PBXFileReference; lastKnownFileType = sourcecode.swift; path = RemoteFeedImageDataLoader.swift; sourceTree = "<group>"; };
		3446145028A243370076062D /* HTTPURLResponse+StatusCode.swift */ = {isa = PBXFileReference; lastKnownFileType = sourcecode.swift; path = "HTTPURLResponse+StatusCode.swift"; sourceTree = "<group>"; };
		3446145228A243940076062D /* URLProtocolStub.swift */ = {isa = PBXFileReference; lastKnownFileType = sourcecode.swift; path = URLProtocolStub.swift; sourceTree = "<group>"; };
		3446145428A326990076062D /* LocalFeedImageDataLoaderTests.swift */ = {isa = PBXFileReference; lastKnownFileType = sourcecode.swift; path = LocalFeedImageDataLoaderTests.swift; sourceTree = "<group>"; };
		3446145628A32AA80076062D /* FeedImageDataStore.swift */ = {isa = PBXFileReference; lastKnownFileType = sourcecode.swift; path = FeedImageDataStore.swift; sourceTree = "<group>"; };
		3446145828A32ABA0076062D /* LocalFeedImageDataLoader.swift */ = {isa = PBXFileReference; lastKnownFileType = sourcecode.swift; path = LocalFeedImageDataLoader.swift; sourceTree = "<group>"; };
		3446145A28A32BE10076062D /* FeedImageDataStoreSpy.swift */ = {isa = PBXFileReference; lastKnownFileType = sourcecode.swift; path = FeedImageDataStoreSpy.swift; sourceTree = "<group>"; };
		3446145C28A32C3C0076062D /* CacheFeedImageDataUseCaseTests.swift */ = {isa = PBXFileReference; lastKnownFileType = sourcecode.swift; path = CacheFeedImageDataUseCaseTests.swift; sourceTree = "<group>"; };
		3446145E28A32D9D0076062D /* CoreDataFeedImageDataStoreTests.swift */ = {isa = PBXFileReference; lastKnownFileType = sourcecode.swift; path = CoreDataFeedImageDataStoreTests.swift; sourceTree = "<group>"; };
		3446146328A33AF00076062D /* FeedStore 2.xcdatamodel */ = {isa = PBXFileReference; lastKnownFileType = wrapper.xcdatamodel; path = "FeedStore 2.xcdatamodel"; sourceTree = "<group>"; };
		3446146428A33B580076062D /* CoreDataFeedStore+FeedImageDataLoader.swift */ = {isa = PBXFileReference; lastKnownFileType = sourcecode.swift; path = "CoreDataFeedStore+FeedImageDataLoader.swift"; sourceTree = "<group>"; };
		3446146628A33D3D0076062D /* CoreDataFeedStore+FeedStore.swift */ = {isa = PBXFileReference; lastKnownFileType = sourcecode.swift; path = "CoreDataFeedStore+FeedStore.swift"; sourceTree = "<group>"; };
		344614FB28A39B1A0076062D /* FeedCache.swift */ = {isa = PBXFileReference; lastKnownFileType = sourcecode.swift; path = FeedCache.swift; sourceTree = "<group>"; };
		3446150528A498D00076062D /* FeedImageDataCache.swift */ = {isa = PBXFileReference; lastKnownFileType = sourcecode.swift; path = FeedImageDataCache.swift; sourceTree = "<group>"; };
		3446153F28A5D7E70076062D /* FeedSnapshotTests.swift */ = {isa = PBXFileReference; lastKnownFileType = sourcecode.swift; path = FeedSnapshotTests.swift; sourceTree = "<group>"; };
		3446154228A5DB9A0076062D /* UIImage+TestHelpers.swift */ = {isa = PBXFileReference; lastKnownFileType = sourcecode.swift; path = "UIImage+TestHelpers.swift"; sourceTree = "<group>"; };
		3446154428A5DCD60076062D /* UITableView+HeaderSizing.swift */ = {isa = PBXFileReference; lastKnownFileType = sourcecode.swift; path = "UITableView+HeaderSizing.swift"; sourceTree = "<group>"; };
		34535CFC2890F21A00CCA78B /* EssentialFeed.framework */ = {isa = PBXFileReference; explicitFileType = wrapper.framework; includeInIndex = 0; path = EssentialFeed.framework; sourceTree = BUILT_PRODUCTS_DIR; };
		34535D042890F21A00CCA78B /* EssentialFeedTests.xctest */ = {isa = PBXFileReference; explicitFileType = wrapper.cfbundle; includeInIndex = 0; path = EssentialFeedTests.xctest; sourceTree = BUILT_PRODUCTS_DIR; };
		34535D142890F31300CCA78B /* FeedImage.swift */ = {isa = PBXFileReference; lastKnownFileType = sourcecode.swift; path = FeedImage.swift; sourceTree = "<group>"; };
		34535D162890F36000CCA78B /* FeedLoader.swift */ = {isa = PBXFileReference; lastKnownFileType = sourcecode.swift; path = FeedLoader.swift; sourceTree = "<group>"; };
		34535D192890FA9A00CCA78B /* LoadFeedFromRemoteUseCaseTests.swift */ = {isa = PBXFileReference; lastKnownFileType = sourcecode.swift; path = LoadFeedFromRemoteUseCaseTests.swift; sourceTree = "<group>"; };
		34535D1C28911AB200CCA78B /* RemoteFeedLoader.swift */ = {isa = PBXFileReference; lastKnownFileType = sourcecode.swift; path = RemoteFeedLoader.swift; sourceTree = "<group>"; };
		8002F88C2898044500FD366B /* XCTTestCase+MemoryLeakTracking.swift */ = {isa = PBXFileReference; lastKnownFileType = sourcecode.swift; path = "XCTTestCase+MemoryLeakTracking.swift"; sourceTree = "<group>"; };
		80A4C788289E59EC00B70AB1 /* FeedViewController.swift */ = {isa = PBXFileReference; lastKnownFileType = sourcecode.swift; path = FeedViewController.swift; sourceTree = "<group>"; };
		80A4C78A289F8F5600B70AB1 /* FeedImageCell.swift */ = {isa = PBXFileReference; lastKnownFileType = sourcecode.swift; path = FeedImageCell.swift; sourceTree = "<group>"; };
		80A62F3B289FA29200A4D69E /* UIView+Shimmering.swift */ = {isa = PBXFileReference; lastKnownFileType = sourcecode.swift; path = "UIView+Shimmering.swift"; sourceTree = "<group>"; };
		80A62F3E289FC27E00A4D69E /* FeedImageDataLoader.swift */ = {isa = PBXFileReference; lastKnownFileType = sourcecode.swift; path = FeedImageDataLoader.swift; sourceTree = "<group>"; };
		80A62F58289FCC2100A4D69E /* FeedImageCellController.swift */ = {isa = PBXFileReference; lastKnownFileType = sourcecode.swift; path = FeedImageCellController.swift; sourceTree = "<group>"; };
/* End PBXFileReference section */

/* Begin PBXFrameworksBuildPhase section */
		340824272898CF43002E68FF /* Frameworks */ = {
			isa = PBXFrameworksBuildPhase;
			buildActionMask = 2147483647;
			files = (
				3408242E2898CF43002E68FF /* EssentialFeed.framework in Frameworks */,
			);
			runOnlyForDeploymentPostprocessing = 0;
		};
		3446139E289CA2590076062D /* Frameworks */ = {
			isa = PBXFrameworksBuildPhase;
			buildActionMask = 2147483647;
			files = (
				344613A5289CA2590076062D /* EssentialFeed.framework in Frameworks */,
			);
			runOnlyForDeploymentPostprocessing = 0;
		};
		344613DE289D06150076062D /* Frameworks */ = {
			isa = PBXFrameworksBuildPhase;
			buildActionMask = 2147483647;
			files = (
				80A4C781289E4ED400B70AB1 /* EssentialFeed.framework in Frameworks */,
			);
			runOnlyForDeploymentPostprocessing = 0;
		};
		344613E5289D06160076062D /* Frameworks */ = {
			isa = PBXFrameworksBuildPhase;
			buildActionMask = 2147483647;
			files = (
				344613E9289D06160076062D /* EssentialFeediOS.framework in Frameworks */,
			);
			runOnlyForDeploymentPostprocessing = 0;
		};
		34535CF92890F21A00CCA78B /* Frameworks */ = {
			isa = PBXFrameworksBuildPhase;
			buildActionMask = 2147483647;
			files = (
			);
			runOnlyForDeploymentPostprocessing = 0;
		};
		34535D012890F21A00CCA78B /* Frameworks */ = {
			isa = PBXFrameworksBuildPhase;
			buildActionMask = 2147483647;
			files = (
				34535D052890F21A00CCA78B /* EssentialFeed.framework in Frameworks */,
			);
			runOnlyForDeploymentPostprocessing = 0;
		};
/* End PBXFrameworksBuildPhase section */

/* Begin PBXGroup section */
		340824212897A891002E68FF /* Feed API */ = {
			isa = PBXGroup;
			children = (
				34535D192890FA9A00CCA78B /* LoadFeedFromRemoteUseCaseTests.swift */,
				340824222897B14C002E68FF /* URLSessionHTTPClientTests.swift */,
				3446144928A236750076062D /* LoadFeedImageDataFromRemoteUseCaseTests.swift */,
			);
			path = "Feed API";
			sourceTree = "<group>";
		};
		3408242B2898CF43002E68FF /* EssentialFeedAPIEndToEndTests */ = {
			isa = PBXGroup;
			children = (
				3408242C2898CF43002E68FF /* EssentialFeedAPIEndToEndTests.swift */,
			);
			path = EssentialFeedAPIEndToEndTests;
			sourceTree = "<group>";
		};
		34082437289A1B83002E68FF /* Feed Cache */ = {
			isa = PBXGroup;
			children = (
				34082445289A4C49002E68FF /* Helpers */,
				34461388289BAA780076062D /* FeedStoreSpecs.swift */,
				34082438289A1BAC002E68FF /* CacheFeedUseCaseTests.swift */,
				34082443289A4424002E68FF /* LoadFeedFromCacheUseCaseTests.swift */,
				34082448289A6573002E68FF /* ValidateFeedCacheUseCaseTests.swift */,
				3446138A289BAAFC0076062D /* XCTestCase+FeedStoreSpecs.swift */,
				34461393289BBAF90076062D /* CoreDataFeedStoreTests.swift */,
				3446145428A326990076062D /* LocalFeedImageDataLoaderTests.swift */,
				3446145C28A32C3C0076062D /* CacheFeedImageDataUseCaseTests.swift */,
				3446145E28A32D9D0076062D /* CoreDataFeedImageDataStoreTests.swift */,
			);
			path = "Feed Cache";
			sourceTree = "<group>";
		};
		3408243A289A3777002E68FF /* Feed Cache */ = {
			isa = PBXGroup;
			children = (
				3446138D289BB9D40076062D /* Infrastructure */,
				3408243B289A3785002E68FF /* LocalFeedLoader.swift */,
				3408243D289A37CE002E68FF /* FeedStore.swift */,
				34082441289A3F02002E68FF /* LocalFeedImage.swift */,
				3408244E289A6FAD002E68FF /* FeedCachePolicy.swift */,
				3446145628A32AA80076062D /* FeedImageDataStore.swift */,
				3446145828A32ABA0076062D /* LocalFeedImageDataLoader.swift */,
			);
			path = "Feed Cache";
			sourceTree = "<group>";
		};
		34082445289A4C49002E68FF /* Helpers */ = {
			isa = PBXGroup;
			children = (
				34082446289A4C58002E68FF /* FeedStorySpy.swift */,
				3408244A289A67E5002E68FF /* FeedCacheTestHelpers.swift */,
				3446145A28A32BE10076062D /* FeedImageDataStoreSpy.swift */,
			);
			path = Helpers;
			sourceTree = "<group>";
		};
		3446138D289BB9D40076062D /* Infrastructure */ = {
			isa = PBXGroup;
			children = (
				3446138F289BB9F80076062D /* CoreData */,
			);
			path = Infrastructure;
			sourceTree = "<group>";
		};
		3446138F289BB9F80076062D /* CoreData */ = {
			isa = PBXGroup;
			children = (
				34461390289BBA180076062D /* FeedStore.xcdatamodeld */,
				34461395289BBB6F0076062D /* CoreDataFeedStore.swift */,
				34461397289C950A0076062D /* CoreDataHelpers.swift */,
				34461399289C954C0076062D /* ManagedCache.swift */,
				3446139B289C956C0076062D /* ManagedFeedImage.swift */,
				3446146428A33B580076062D /* CoreDataFeedStore+FeedImageDataLoader.swift */,
				3446146628A33D3D0076062D /* CoreDataFeedStore+FeedStore.swift */,
			);
			path = CoreData;
			sourceTree = "<group>";
		};
		344613A2289CA2590076062D /* EssentialFeedCacheIntegrationTests */ = {
			isa = PBXGroup;
			children = (
				344613A3289CA2590076062D /* EssentialFeedCacheIntegrationTests.swift */,
			);
			path = EssentialFeedCacheIntegrationTests;
			sourceTree = "<group>";
		};
		3446142628A1F3D70076062D /* Feed Presentation */ = {
			isa = PBXGroup;
			children = (
				3446141328A0DFF80076062D /* FeedLocalizationTests.swift */,
				3446142728A1F3E80076062D /* FeedPresenterTests.swift */,
				3446144228A207840076062D /* FeedImagePresenterTests.swift */,
			);
			path = "Feed Presentation";
			sourceTree = "<group>";
		};
		3446142B28A1FAF40076062D /* Helpers */ = {
			isa = PBXGroup;
			children = (
				80A62F3B289FA29200A4D69E /* UIView+Shimmering.swift */,
				3446140528A0D2610076062D /* UITableView+Dequeueing.swift */,
				3446140728A0D3310076062D /* UIImageView+Animations.swift */,
				3446142E28A1FB620076062D /* UIRefreshControl+Helpers.swift */,
				3446154428A5DCD60076062D /* UITableView+HeaderSizing.swift */,
			);
			path = Helpers;
			sourceTree = "<group>";
		};
		3446143728A203660076062D /* Feed Presentation */ = {
			isa = PBXGroup;
			children = (
				3446143428A2020F0076062D /* Feed.strings */,
				3446143828A204AB0076062D /* FeedPresenter.swift */,
				3446143A28A204B30076062D /* FeedLoadingViewModel.swift */,
				3446143C28A204BC0076062D /* FeedViewModel.swift */,
				3446143E28A204C40076062D /* FeedErrorViewModel.swift */,
				3446144428A208D00076062D /* FeedImagePresenter.swift */,
				3446144628A208D80076062D /* FeedImageViewModel.swift */,
			);
			path = "Feed Presentation";
			sourceTree = "<group>";
		};
		3446144F28A243250076062D /* Helpers */ = {
			isa = PBXGroup;
			children = (
				3446145028A243370076062D /* HTTPURLResponse+StatusCode.swift */,
			);
			path = Helpers;
			sourceTree = "<group>";
		};
		3446154128A5DB8E0076062D /* Helpers */ = {
			isa = PBXGroup;
			children = (
				3446154228A5DB9A0076062D /* UIImage+TestHelpers.swift */,
			);
			path = Helpers;
			sourceTree = "<group>";
		};
		34535CF22890F21A00CCA78B = {
			isa = PBXGroup;
			children = (
				34535CFE2890F21A00CCA78B /* EssentialFeed */,
				80A4C787289E59DF00B70AB1 /* EssentialFeediOS */,
				34535D082890F21A00CCA78B /* EssentialFeedTests */,
				344613A2289CA2590076062D /* EssentialFeedCacheIntegrationTests */,
				80A4C77D289E4C0C00B70AB1 /* EssentialFeediOSTests */,
				3408242B2898CF43002E68FF /* EssentialFeedAPIEndToEndTests */,
				34535CFD2890F21A00CCA78B /* Products */,
				80A4C780289E4ED400B70AB1 /* Frameworks */,
			);
			sourceTree = "<group>";
		};
		34535CFD2890F21A00CCA78B /* Products */ = {
			isa = PBXGroup;
			children = (
				34535CFC2890F21A00CCA78B /* EssentialFeed.framework */,
				34535D042890F21A00CCA78B /* EssentialFeedTests.xctest */,
				3408242A2898CF43002E68FF /* EssentialFeedAPIEndToEndTests.xctest */,
				344613A1289CA2590076062D /* EssentialFeedCacheIntegrationTests.xctest */,
				344613E1289D06150076062D /* EssentialFeediOS.framework */,
				344613E8289D06160076062D /* EssentialFeediOSTests.xctest */,
			);
			name = Products;
			sourceTree = "<group>";
		};
		34535CFE2890F21A00CCA78B /* EssentialFeed */ = {
			isa = PBXGroup;
			children = (
				3446143728A203660076062D /* Feed Presentation */,
				3408243A289A3777002E68FF /* Feed Cache */,
				34535D1B28911AA400CCA78B /* Feed API */,
				34535D182890F38B00CCA78B /* Feed Feature */,
			);
			path = EssentialFeed;
			sourceTree = "<group>";
		};
		34535D082890F21A00CCA78B /* EssentialFeedTests */ = {
			isa = PBXGroup;
			children = (
				3446142628A1F3D70076062D /* Feed Presentation */,
				8002F88B2898042600FD366B /* Helpers */,
				34082437289A1B83002E68FF /* Feed Cache */,
				340824212897A891002E68FF /* Feed API */,
			);
			path = EssentialFeedTests;
			sourceTree = "<group>";
		};
		34535D182890F38B00CCA78B /* Feed Feature */ = {
			isa = PBXGroup;
			children = (
				80A62F3E289FC27E00A4D69E /* FeedImageDataLoader.swift */,
				34535D142890F31300CCA78B /* FeedImage.swift */,
				34535D162890F36000CCA78B /* FeedLoader.swift */,
				344614FB28A39B1A0076062D /* FeedCache.swift */,
				3446150528A498D00076062D /* FeedImageDataCache.swift */,
			);
			path = "Feed Feature";
			sourceTree = "<group>";
		};
		34535D1B28911AA400CCA78B /* Feed API */ = {
			isa = PBXGroup;
			children = (
				3446144F28A243250076062D /* Helpers */,
				34535D1C28911AB200CCA78B /* RemoteFeedLoader.swift */,
				3408241F2897A37D002E68FF /* FeedItemsMapper.swift */,
				3408243F289A3ED8002E68FF /* RemoteFeedItem.swift */,
				3446144D28A240530076062D /* RemoteFeedImageDataLoader.swift */,
				3408241D28979B7E002E68FF /* HTTPClient.swift */,
				340824242898B271002E68FF /* URLSessionHTTPClient.swift */,
			);
			path = "Feed API";
			sourceTree = "<group>";
		};
		8002F88B2898042600FD366B /* Helpers */ = {
			isa = PBXGroup;
			children = (
				8002F88C2898044500FD366B /* XCTTestCase+MemoryLeakTracking.swift */,
				3408244C289A6894002E68FF /* SharedTestHelpers.swift */,
				3446144B28A23FDC0076062D /* HTTPClientSpy.swift */,
				3446145228A243940076062D /* URLProtocolStub.swift */,
			);
			path = Helpers;
			sourceTree = "<group>";
		};
		80A4C77D289E4C0C00B70AB1 /* EssentialFeediOSTests */ = {
			isa = PBXGroup;
			children = (
				3446154128A5DB8E0076062D /* Helpers */,
				3446153F28A5D7E70076062D /* FeedSnapshotTests.swift */,
			);
			path = EssentialFeediOSTests;
			sourceTree = "<group>";
		};
		80A4C780289E4ED400B70AB1 /* Frameworks */ = {
			isa = PBXGroup;
			children = (
			);
			name = Frameworks;
			sourceTree = "<group>";
		};
		80A4C787289E59DF00B70AB1 /* EssentialFeediOS */ = {
			isa = PBXGroup;
			children = (
				80A62F40289FC28D00A4D69E /* Feed UI */,
				80A62F3D289FC26A00A4D69E /* Feed Image Loader */,
			);
			path = EssentialFeediOS;
			sourceTree = "<group>";
		};
		80A62F3D289FC26A00A4D69E /* Feed Image Loader */ = {
			isa = PBXGroup;
			children = (
			);
			path = "Feed Image Loader";
			sourceTree = "<group>";
		};
		80A62F40289FC28D00A4D69E /* Feed UI */ = {
			isa = PBXGroup;
			children = (
				80A62F42289FC2A300A4D69E /* Views */,
				80A62F41289FC29800A4D69E /* Controllers */,
			);
			path = "Feed UI";
			sourceTree = "<group>";
		};
		80A62F41289FC29800A4D69E /* Controllers */ = {
			isa = PBXGroup;
			children = (
				80A4C788289E59EC00B70AB1 /* FeedViewController.swift */,
				80A62F58289FCC2100A4D69E /* FeedImageCellController.swift */,
			);
			path = Controllers;
			sourceTree = "<group>";
		};
		80A62F42289FC2A300A4D69E /* Views */ = {
			isa = PBXGroup;
			children = (
				3446142B28A1FAF40076062D /* Helpers */,
				80A4C78A289F8F5600B70AB1 /* FeedImageCell.swift */,
				344613FF28A0C83A0076062D /* Feed.storyboard */,
				3446140128A0C8B20076062D /* Feed.xcassets */,
				3446142928A1F89A0076062D /* ErrorView.swift */,
			);
			path = Views;
			sourceTree = "<group>";
		};
/* End PBXGroup section */

/* Begin PBXHeadersBuildPhase section */
		344613DC289D06150076062D /* Headers */ = {
			isa = PBXHeadersBuildPhase;
			buildActionMask = 2147483647;
			files = (
			);
			runOnlyForDeploymentPostprocessing = 0;
		};
		34535CF72890F21A00CCA78B /* Headers */ = {
			isa = PBXHeadersBuildPhase;
			buildActionMask = 2147483647;
			files = (
			);
			runOnlyForDeploymentPostprocessing = 0;
		};
/* End PBXHeadersBuildPhase section */

/* Begin PBXNativeTarget section */
		340824292898CF43002E68FF /* EssentialFeedAPIEndToEndTests */ = {
			isa = PBXNativeTarget;
			buildConfigurationList = 340824312898CF43002E68FF /* Build configuration list for PBXNativeTarget "EssentialFeedAPIEndToEndTests" */;
			buildPhases = (
				340824262898CF43002E68FF /* Sources */,
				340824272898CF43002E68FF /* Frameworks */,
				340824282898CF43002E68FF /* Resources */,
			);
			buildRules = (
			);
			dependencies = (
				340824302898CF43002E68FF /* PBXTargetDependency */,
			);
			name = EssentialFeedAPIEndToEndTests;
			productName = EssentialFeedAPIEndToEndTests;
			productReference = 3408242A2898CF43002E68FF /* EssentialFeedAPIEndToEndTests.xctest */;
			productType = "com.apple.product-type.bundle.unit-test";
		};
		344613A0289CA2590076062D /* EssentialFeedCacheIntegrationTests */ = {
			isa = PBXNativeTarget;
			buildConfigurationList = 344613A8289CA2590076062D /* Build configuration list for PBXNativeTarget "EssentialFeedCacheIntegrationTests" */;
			buildPhases = (
				3446139D289CA2590076062D /* Sources */,
				3446139E289CA2590076062D /* Frameworks */,
				3446139F289CA2590076062D /* Resources */,
			);
			buildRules = (
			);
			dependencies = (
				344613A7289CA2590076062D /* PBXTargetDependency */,
			);
			name = EssentialFeedCacheIntegrationTests;
			productName = EssentialFeedCacheIntegrationTests;
			productReference = 344613A1289CA2590076062D /* EssentialFeedCacheIntegrationTests.xctest */;
			productType = "com.apple.product-type.bundle.unit-test";
		};
		344613E0289D06150076062D /* EssentialFeediOS */ = {
			isa = PBXNativeTarget;
			buildConfigurationList = 344613F0289D06160076062D /* Build configuration list for PBXNativeTarget "EssentialFeediOS" */;
			buildPhases = (
				344613DC289D06150076062D /* Headers */,
				344613DD289D06150076062D /* Sources */,
				344613DE289D06150076062D /* Frameworks */,
				344613DF289D06150076062D /* Resources */,
				80A4C785289E4ED400B70AB1 /* Embed Frameworks */,
			);
			buildRules = (
			);
			dependencies = (
				80A4C784289E4ED400B70AB1 /* PBXTargetDependency */,
			);
			name = EssentialFeediOS;
			productName = EssentialFeediOS;
			productReference = 344613E1289D06150076062D /* EssentialFeediOS.framework */;
			productType = "com.apple.product-type.framework";
		};
		344613E7289D06160076062D /* EssentialFeediOSTests */ = {
			isa = PBXNativeTarget;
			buildConfigurationList = 344613F3289D06160076062D /* Build configuration list for PBXNativeTarget "EssentialFeediOSTests" */;
			buildPhases = (
				344613E4289D06160076062D /* Sources */,
				344613E5289D06160076062D /* Frameworks */,
				344613E6289D06160076062D /* Resources */,
			);
			buildRules = (
			);
			dependencies = (
				344613EB289D06160076062D /* PBXTargetDependency */,
			);
			name = EssentialFeediOSTests;
			productName = EssentialFeediOSTests;
			productReference = 344613E8289D06160076062D /* EssentialFeediOSTests.xctest */;
			productType = "com.apple.product-type.bundle.unit-test";
		};
		34535CFB2890F21A00CCA78B /* EssentialFeed */ = {
			isa = PBXNativeTarget;
			buildConfigurationList = 34535D0E2890F21A00CCA78B /* Build configuration list for PBXNativeTarget "EssentialFeed" */;
			buildPhases = (
				34535CF72890F21A00CCA78B /* Headers */,
				34535CF82890F21A00CCA78B /* Sources */,
				34535CF92890F21A00CCA78B /* Frameworks */,
				34535CFA2890F21A00CCA78B /* Resources */,
			);
			buildRules = (
			);
			dependencies = (
			);
			name = EssentialFeed;
			productName = EssentialFeed;
			productReference = 34535CFC2890F21A00CCA78B /* EssentialFeed.framework */;
			productType = "com.apple.product-type.framework";
		};
		34535D032890F21A00CCA78B /* EssentialFeedTests */ = {
			isa = PBXNativeTarget;
			buildConfigurationList = 34535D112890F21A00CCA78B /* Build configuration list for PBXNativeTarget "EssentialFeedTests" */;
			buildPhases = (
				34535D002890F21A00CCA78B /* Sources */,
				34535D012890F21A00CCA78B /* Frameworks */,
				34535D022890F21A00CCA78B /* Resources */,
			);
			buildRules = (
			);
			dependencies = (
				34535D072890F21A00CCA78B /* PBXTargetDependency */,
			);
			name = EssentialFeedTests;
			productName = EssentialFeedTests;
			productReference = 34535D042890F21A00CCA78B /* EssentialFeedTests.xctest */;
			productType = "com.apple.product-type.bundle.unit-test";
		};
/* End PBXNativeTarget section */

/* Begin PBXProject section */
		34535CF32890F21A00CCA78B /* Project object */ = {
			isa = PBXProject;
			attributes = {
				BuildIndependentTargetsInParallel = 1;
				LastSwiftUpdateCheck = 1340;
				LastUpgradeCheck = 1340;
				TargetAttributes = {
					340824292898CF43002E68FF = {
						CreatedOnToolsVersion = 13.4.1;
					};
					344613A0289CA2590076062D = {
						CreatedOnToolsVersion = 13.4.1;
					};
					344613E0289D06150076062D = {
						CreatedOnToolsVersion = 13.4.1;
						LastSwiftMigration = 1340;
					};
					344613E7289D06160076062D = {
						CreatedOnToolsVersion = 13.4.1;
						LastSwiftMigration = 1340;
					};
					34535CFB2890F21A00CCA78B = {
						CreatedOnToolsVersion = 13.4.1;
						LastSwiftMigration = 1340;
					};
					34535D032890F21A00CCA78B = {
						CreatedOnToolsVersion = 13.4.1;
						LastSwiftMigration = 1340;
					};
				};
			};
			buildConfigurationList = 34535CF62890F21A00CCA78B /* Build configuration list for PBXProject "EssentialFeed" */;
			compatibilityVersion = "Xcode 13.0";
			developmentRegion = en;
			hasScannedForEncodings = 0;
			knownRegions = (
				en,
				Base,
				"pt-BR",
				el,
			);
			mainGroup = 34535CF22890F21A00CCA78B;
			productRefGroup = 34535CFD2890F21A00CCA78B /* Products */;
			projectDirPath = "";
			projectRoot = "";
			targets = (
				34535CFB2890F21A00CCA78B /* EssentialFeed */,
				34535D032890F21A00CCA78B /* EssentialFeedTests */,
				340824292898CF43002E68FF /* EssentialFeedAPIEndToEndTests */,
				344613A0289CA2590076062D /* EssentialFeedCacheIntegrationTests */,
				344613E0289D06150076062D /* EssentialFeediOS */,
				344613E7289D06160076062D /* EssentialFeediOSTests */,
			);
		};
/* End PBXProject section */

/* Begin PBXResourcesBuildPhase section */
		340824282898CF43002E68FF /* Resources */ = {
			isa = PBXResourcesBuildPhase;
			buildActionMask = 2147483647;
			files = (
			);
			runOnlyForDeploymentPostprocessing = 0;
		};
		3446139F289CA2590076062D /* Resources */ = {
			isa = PBXResourcesBuildPhase;
			buildActionMask = 2147483647;
			files = (
			);
			runOnlyForDeploymentPostprocessing = 0;
		};
		344613DF289D06150076062D /* Resources */ = {
			isa = PBXResourcesBuildPhase;
			buildActionMask = 2147483647;
			files = (
				3446140028A0C83A0076062D /* Feed.storyboard in Resources */,
				3446140228A0C8B20076062D /* Feed.xcassets in Resources */,
			);
			runOnlyForDeploymentPostprocessing = 0;
		};
		344613E6289D06160076062D /* Resources */ = {
			isa = PBXResourcesBuildPhase;
			buildActionMask = 2147483647;
			files = (
			);
			runOnlyForDeploymentPostprocessing = 0;
		};
		34535CFA2890F21A00CCA78B /* Resources */ = {
			isa = PBXResourcesBuildPhase;
			buildActionMask = 2147483647;
			files = (
				3446144028A205820076062D /* Feed.strings in Resources */,
			);
			runOnlyForDeploymentPostprocessing = 0;
		};
		34535D022890F21A00CCA78B /* Resources */ = {
			isa = PBXResourcesBuildPhase;
			buildActionMask = 2147483647;
			files = (
			);
			runOnlyForDeploymentPostprocessing = 0;
		};
/* End PBXResourcesBuildPhase section */

/* Begin PBXSourcesBuildPhase section */
		340824262898CF43002E68FF /* Sources */ = {
			isa = PBXSourcesBuildPhase;
			buildActionMask = 2147483647;
			files = (
				340824342898D52F002E68FF /* XCTTestCase+MemoryLeakTracking.swift in Sources */,
				3408242D2898CF43002E68FF /* EssentialFeedAPIEndToEndTests.swift in Sources */,
			);
			runOnlyForDeploymentPostprocessing = 0;
		};
		3446139D289CA2590076062D /* Sources */ = {
			isa = PBXSourcesBuildPhase;
			buildActionMask = 2147483647;
			files = (
				344613AD289CA59D0076062D /* SharedTestHelpers.swift in Sources */,
				344613AB289CA4160076062D /* XCTTestCase+MemoryLeakTracking.swift in Sources */,
				344613AC289CA5530076062D /* FeedCacheTestHelpers.swift in Sources */,
				344613A4289CA2590076062D /* EssentialFeedCacheIntegrationTests.swift in Sources */,
			);
			runOnlyForDeploymentPostprocessing = 0;
		};
		344613DD289D06150076062D /* Sources */ = {
			isa = PBXSourcesBuildPhase;
			buildActionMask = 2147483647;
			files = (
				3446154528A5DCD60076062D /* UITableView+HeaderSizing.swift in Sources */,
				3446142A28A1F89A0076062D /* ErrorView.swift in Sources */,
				3446142F28A1FB620076062D /* UIRefreshControl+Helpers.swift in Sources */,
				3446140628A0D2610076062D /* UITableView+Dequeueing.swift in Sources */,
				80A62F3C289FA29200A4D69E /* UIView+Shimmering.swift in Sources */,
				80A4C789289E59EC00B70AB1 /* FeedViewController.swift in Sources */,
				3446140828A0D3310076062D /* UIImageView+Animations.swift in Sources */,
				80A4C78B289F8F5600B70AB1 /* FeedImageCell.swift in Sources */,
				80A62F59289FCC2100A4D69E /* FeedImageCellController.swift in Sources */,
			);
			runOnlyForDeploymentPostprocessing = 0;
		};
		344613E4289D06160076062D /* Sources */ = {
			isa = PBXSourcesBuildPhase;
			buildActionMask = 2147483647;
			files = (
				80A4C786289E4FED00B70AB1 /* XCTTestCase+MemoryLeakTracking.swift in Sources */,
				3446154028A5D7E70076062D /* FeedSnapshotTests.swift in Sources */,
				3446154328A5DB9A0076062D /* UIImage+TestHelpers.swift in Sources */,
			);
			runOnlyForDeploymentPostprocessing = 0;
		};
		34535CF82890F21A00CCA78B /* Sources */ = {
			isa = PBXSourcesBuildPhase;
			buildActionMask = 2147483647;
			files = (
				3446143D28A204BC0076062D /* FeedViewModel.swift in Sources */,
				34461398289C950A0076062D /* CoreDataHelpers.swift in Sources */,
				34461392289BBA180076062D /* FeedStore.xcdatamodeld in Sources */,
				340824202897A37D002E68FF /* FeedItemsMapper.swift in Sources */,
				3446144728A208D80076062D /* FeedImageViewModel.swift in Sources */,
				34535D172890F36000CCA78B /* FeedLoader.swift in Sources */,
				3446144E28A240530076062D /* RemoteFeedImageDataLoader.swift in Sources */,
				34082440289A3ED8002E68FF /* RemoteFeedItem.swift in Sources */,
				3408244F289A6FAD002E68FF /* FeedCachePolicy.swift in Sources */,
				34535D1D28911AB200CCA78B /* RemoteFeedLoader.swift in Sources */,
				3446146728A33D3D0076062D /* CoreDataFeedStore+FeedStore.swift in Sources */,
				3446143B28A204B30076062D /* FeedLoadingViewModel.swift in Sources */,
				34461396289BBB6F0076062D /* CoreDataFeedStore.swift in Sources */,
				34082442289A3F02002E68FF /* LocalFeedImage.swift in Sources */,
				3408243E289A37CE002E68FF /* FeedStore.swift in Sources */,
				3408243C289A3785002E68FF /* LocalFeedLoader.swift in Sources */,
				3408241E28979B7E002E68FF /* HTTPClient.swift in Sources */,
				3446150628A498D00076062D /* FeedImageDataCache.swift in Sources */,
				3446143928A204AB0076062D /* FeedPresenter.swift in Sources */,
				3446145128A243370076062D /* HTTPURLResponse+StatusCode.swift in Sources */,
				34535D152890F31300CCA78B /* FeedImage.swift in Sources */,
				3446139A289C954C0076062D /* ManagedCache.swift in Sources */,
				3446143F28A204C40076062D /* FeedErrorViewModel.swift in Sources */,
				3446145728A32AA80076062D /* FeedImageDataStore.swift in Sources */,
				3446144828A235C40076062D /* FeedImageDataLoader.swift in Sources */,
				340824252898B271002E68FF /* URLSessionHTTPClient.swift in Sources */,
				3446145928A32ABA0076062D /* LocalFeedImageDataLoader.swift in Sources */,
				3446146528A33B580076062D /* CoreDataFeedStore+FeedImageDataLoader.swift in Sources */,
				3446144528A208D00076062D /* FeedImagePresenter.swift in Sources */,
				344614FC28A39B1A0076062D /* FeedCache.swift in Sources */,
				3446139C289C956C0076062D /* ManagedFeedImage.swift in Sources */,
			);
			runOnlyForDeploymentPostprocessing = 0;
		};
		34535D002890F21A00CCA78B /* Sources */ = {
			isa = PBXSourcesBuildPhase;
			buildActionMask = 2147483647;
			files = (
				3446142828A1F3E80076062D /* FeedPresenterTests.swift in Sources */,
				3446145528A326990076062D /* LocalFeedImageDataLoaderTests.swift in Sources */,
				3446145D28A32C3C0076062D /* CacheFeedImageDataUseCaseTests.swift in Sources */,
				3446144C28A23FDC0076062D /* HTTPClientSpy.swift in Sources */,
				34461394289BBAF90076062D /* CoreDataFeedStoreTests.swift in Sources */,
				3408244B289A67E6002E68FF /* FeedCacheTestHelpers.swift in Sources */,
				34535D1A2890FA9A00CCA78B /* LoadFeedFromRemoteUseCaseTests.swift in Sources */,
				3446144128A206F30076062D /* FeedLocalizationTests.swift in Sources */,
				340824232897B14C002E68FF /* URLSessionHTTPClientTests.swift in Sources */,
				34082439289A1BAC002E68FF /* CacheFeedUseCaseTests.swift in Sources */,
				3446144328A207840076062D /* FeedImagePresenterTests.swift in Sources */,
				34082444289A4424002E68FF /* LoadFeedFromCacheUseCaseTests.swift in Sources */,
				3408244D289A6894002E68FF /* SharedTestHelpers.swift in Sources */,
				3446145B28A32BE10076062D /* FeedImageDataStoreSpy.swift in Sources */,
				3446145F28A32D9D0076062D /* CoreDataFeedImageDataStoreTests.swift in Sources */,
				34082449289A6573002E68FF /* ValidateFeedCacheUseCaseTests.swift in Sources */,
				34082447289A4C58002E68FF /* FeedStorySpy.swift in Sources */,
				3446145328A243940076062D /* URLProtocolStub.swift in Sources */,
				34461389289BAA780076062D /* FeedStoreSpecs.swift in Sources */,
				8002F88D2898044500FD366B /* XCTTestCase+MemoryLeakTracking.swift in Sources */,
				3446144A28A236750076062D /* LoadFeedImageDataFromRemoteUseCaseTests.swift in Sources */,
				3446138B289BAAFC0076062D /* XCTestCase+FeedStoreSpecs.swift in Sources */,
			);
			runOnlyForDeploymentPostprocessing = 0;
		};
/* End PBXSourcesBuildPhase section */

/* Begin PBXTargetDependency section */
		340824302898CF43002E68FF /* PBXTargetDependency */ = {
			isa = PBXTargetDependency;
			target = 34535CFB2890F21A00CCA78B /* EssentialFeed */;
			targetProxy = 3408242F2898CF43002E68FF /* PBXContainerItemProxy */;
		};
		344613A7289CA2590076062D /* PBXTargetDependency */ = {
			isa = PBXTargetDependency;
			target = 34535CFB2890F21A00CCA78B /* EssentialFeed */;
			targetProxy = 344613A6289CA2590076062D /* PBXContainerItemProxy */;
		};
		344613EB289D06160076062D /* PBXTargetDependency */ = {
			isa = PBXTargetDependency;
			target = 344613E0289D06150076062D /* EssentialFeediOS */;
			targetProxy = 344613EA289D06160076062D /* PBXContainerItemProxy */;
		};
		34535D072890F21A00CCA78B /* PBXTargetDependency */ = {
			isa = PBXTargetDependency;
			target = 34535CFB2890F21A00CCA78B /* EssentialFeed */;
			targetProxy = 34535D062890F21A00CCA78B /* PBXContainerItemProxy */;
		};
		80A4C784289E4ED400B70AB1 /* PBXTargetDependency */ = {
			isa = PBXTargetDependency;
			platformFilter = ios;
			target = 34535CFB2890F21A00CCA78B /* EssentialFeed */;
			targetProxy = 80A4C783289E4ED400B70AB1 /* PBXContainerItemProxy */;
		};
/* End PBXTargetDependency section */

/* Begin PBXVariantGroup section */
		3446143428A2020F0076062D /* Feed.strings */ = {
			isa = PBXVariantGroup;
			children = (
				3446143328A2020F0076062D /* en */,
				3446143528A202100076062D /* el */,
				3446143628A202110076062D /* pt-BR */,
			);
			name = Feed.strings;
			sourceTree = "<group>";
		};
/* End PBXVariantGroup section */

/* Begin XCBuildConfiguration section */
		340824322898CF43002E68FF /* Debug */ = {
			isa = XCBuildConfiguration;
			buildSettings = {
				CODE_SIGN_STYLE = Automatic;
				CURRENT_PROJECT_VERSION = 1;
				DEVELOPMENT_TEAM = 5V755NHP8F;
				GENERATE_INFOPLIST_FILE = YES;
				MARKETING_VERSION = 1.0;
				PRODUCT_BUNDLE_IDENTIFIER = com.patrickdomingo.EssentialFeedAPIEndToEndTests;
				PRODUCT_NAME = "$(TARGET_NAME)";
				SUPPORTED_PLATFORMS = "macosx iphoneos iphonesimulator";
				SWIFT_EMIT_LOC_STRINGS = NO;
				SWIFT_VERSION = 5.0;
			};
			name = Debug;
		};
		340824332898CF43002E68FF /* Release */ = {
			isa = XCBuildConfiguration;
			buildSettings = {
				CODE_SIGN_STYLE = Automatic;
				CURRENT_PROJECT_VERSION = 1;
				DEVELOPMENT_TEAM = 5V755NHP8F;
				GENERATE_INFOPLIST_FILE = YES;
				MARKETING_VERSION = 1.0;
				PRODUCT_BUNDLE_IDENTIFIER = com.patrickdomingo.EssentialFeedAPIEndToEndTests;
				PRODUCT_NAME = "$(TARGET_NAME)";
				SUPPORTED_PLATFORMS = "macosx iphoneos iphonesimulator";
				SWIFT_EMIT_LOC_STRINGS = NO;
				SWIFT_VERSION = 5.0;
			};
			name = Release;
		};
		344613A9289CA2590076062D /* Debug */ = {
			isa = XCBuildConfiguration;
			buildSettings = {
				CODE_SIGN_STYLE = Automatic;
				CURRENT_PROJECT_VERSION = 1;
				DEVELOPMENT_TEAM = 5V755NHP8F;
				GENERATE_INFOPLIST_FILE = YES;
				MARKETING_VERSION = 1.0;
				PRODUCT_BUNDLE_IDENTIFIER = com.patrickdomingo.EssentialFeedCacheIntegrationTests;
				PRODUCT_NAME = "$(TARGET_NAME)";
				SUPPORTED_PLATFORMS = "macosx iphoneos iphonesimulator";
				SWIFT_EMIT_LOC_STRINGS = NO;
				SWIFT_VERSION = 5.0;
			};
			name = Debug;
		};
		344613AA289CA2590076062D /* Release */ = {
			isa = XCBuildConfiguration;
			buildSettings = {
				CODE_SIGN_STYLE = Automatic;
				CURRENT_PROJECT_VERSION = 1;
				DEVELOPMENT_TEAM = 5V755NHP8F;
				GENERATE_INFOPLIST_FILE = YES;
				MARKETING_VERSION = 1.0;
				PRODUCT_BUNDLE_IDENTIFIER = com.patrickdomingo.EssentialFeedCacheIntegrationTests;
				PRODUCT_NAME = "$(TARGET_NAME)";
				SUPPORTED_PLATFORMS = "macosx iphoneos iphonesimulator";
				SWIFT_EMIT_LOC_STRINGS = NO;
				SWIFT_VERSION = 5.0;
			};
			name = Release;
		};
		344613F1289D06160076062D /* Debug */ = {
			isa = XCBuildConfiguration;
			buildSettings = {
				CLANG_ENABLE_MODULES = YES;
				CODE_SIGN_STYLE = Automatic;
				CURRENT_PROJECT_VERSION = 1;
				DEFINES_MODULE = YES;
				DEVELOPMENT_TEAM = 5V755NHP8F;
				DYLIB_COMPATIBILITY_VERSION = 1;
				DYLIB_CURRENT_VERSION = 1;
				DYLIB_INSTALL_NAME_BASE = "@rpath";
				GENERATE_INFOPLIST_FILE = YES;
				INFOPLIST_KEY_NSHumanReadableCopyright = "";
				INSTALL_PATH = "$(LOCAL_LIBRARY_DIR)/Frameworks";
				IPHONEOS_DEPLOYMENT_TARGET = 15.5;
				LD_RUNPATH_SEARCH_PATHS = (
					"$(inherited)",
					"@executable_path/Frameworks",
					"@loader_path/Frameworks",
				);
				MARKETING_VERSION = 1.0;
				PRODUCT_BUNDLE_IDENTIFIER = com.patrickdomingo.EssentialFeediOS;
				PRODUCT_NAME = "$(TARGET_NAME:c99extidentifier)";
				SDKROOT = iphoneos;
				SKIP_INSTALL = YES;
				SUPPORTS_MACCATALYST = NO;
				SWIFT_EMIT_LOC_STRINGS = YES;
				SWIFT_OPTIMIZATION_LEVEL = "-Onone";
				SWIFT_VERSION = 5.0;
				TARGETED_DEVICE_FAMILY = 1;
			};
			name = Debug;
		};
		344613F2289D06160076062D /* Release */ = {
			isa = XCBuildConfiguration;
			buildSettings = {
				CLANG_ENABLE_MODULES = YES;
				CODE_SIGN_STYLE = Automatic;
				CURRENT_PROJECT_VERSION = 1;
				DEFINES_MODULE = YES;
				DEVELOPMENT_TEAM = 5V755NHP8F;
				DYLIB_COMPATIBILITY_VERSION = 1;
				DYLIB_CURRENT_VERSION = 1;
				DYLIB_INSTALL_NAME_BASE = "@rpath";
				GENERATE_INFOPLIST_FILE = YES;
				INFOPLIST_KEY_NSHumanReadableCopyright = "";
				INSTALL_PATH = "$(LOCAL_LIBRARY_DIR)/Frameworks";
				IPHONEOS_DEPLOYMENT_TARGET = 15.5;
				LD_RUNPATH_SEARCH_PATHS = (
					"$(inherited)",
					"@executable_path/Frameworks",
					"@loader_path/Frameworks",
				);
				MARKETING_VERSION = 1.0;
				PRODUCT_BUNDLE_IDENTIFIER = com.patrickdomingo.EssentialFeediOS;
				PRODUCT_NAME = "$(TARGET_NAME:c99extidentifier)";
				SDKROOT = iphoneos;
				SKIP_INSTALL = YES;
				SUPPORTS_MACCATALYST = NO;
				SWIFT_EMIT_LOC_STRINGS = YES;
				SWIFT_VERSION = 5.0;
				TARGETED_DEVICE_FAMILY = 1;
				VALIDATE_PRODUCT = YES;
			};
			name = Release;
		};
		344613F4289D06160076062D /* Debug */ = {
			isa = XCBuildConfiguration;
			buildSettings = {
				ALWAYS_EMBED_SWIFT_STANDARD_LIBRARIES = YES;
				CLANG_ENABLE_MODULES = YES;
				CODE_SIGN_STYLE = Automatic;
				CURRENT_PROJECT_VERSION = 1;
				DEVELOPMENT_TEAM = 5V755NHP8F;
				GENERATE_INFOPLIST_FILE = YES;
				IPHONEOS_DEPLOYMENT_TARGET = 15.5;
				LD_RUNPATH_SEARCH_PATHS = (
					"$(inherited)",
					"@executable_path/Frameworks",
					"@loader_path/Frameworks",
				);
				MARKETING_VERSION = 1.0;
				PRODUCT_BUNDLE_IDENTIFIER = com.patrickdomingo.EssentialFeediOSTests;
				PRODUCT_NAME = "$(TARGET_NAME)";
				SDKROOT = iphoneos;
				SWIFT_EMIT_LOC_STRINGS = NO;
				SWIFT_OPTIMIZATION_LEVEL = "-Onone";
				SWIFT_VERSION = 5.0;
				TARGETED_DEVICE_FAMILY = "1,2";
			};
			name = Debug;
		};
		344613F5289D06160076062D /* Release */ = {
			isa = XCBuildConfiguration;
			buildSettings = {
				ALWAYS_EMBED_SWIFT_STANDARD_LIBRARIES = YES;
				CLANG_ENABLE_MODULES = YES;
				CODE_SIGN_STYLE = Automatic;
				CURRENT_PROJECT_VERSION = 1;
				DEVELOPMENT_TEAM = 5V755NHP8F;
				GENERATE_INFOPLIST_FILE = YES;
				IPHONEOS_DEPLOYMENT_TARGET = 15.5;
				LD_RUNPATH_SEARCH_PATHS = (
					"$(inherited)",
					"@executable_path/Frameworks",
					"@loader_path/Frameworks",
				);
				MARKETING_VERSION = 1.0;
				PRODUCT_BUNDLE_IDENTIFIER = com.patrickdomingo.EssentialFeediOSTests;
				PRODUCT_NAME = "$(TARGET_NAME)";
				SDKROOT = iphoneos;
				SWIFT_EMIT_LOC_STRINGS = NO;
				SWIFT_VERSION = 5.0;
				TARGETED_DEVICE_FAMILY = "1,2";
				VALIDATE_PRODUCT = YES;
			};
			name = Release;
		};
		34535D0C2890F21A00CCA78B /* Debug */ = {
			isa = XCBuildConfiguration;
			buildSettings = {
				ALWAYS_SEARCH_USER_PATHS = NO;
				CLANG_ANALYZER_LOCALIZABILITY_NONLOCALIZED = YES;
				CLANG_ANALYZER_NONNULL = YES;
				CLANG_ANALYZER_NUMBER_OBJECT_CONVERSION = YES_AGGRESSIVE;
				CLANG_CXX_LANGUAGE_STANDARD = "gnu++17";
				CLANG_ENABLE_MODULES = YES;
				CLANG_ENABLE_OBJC_ARC = YES;
				CLANG_ENABLE_OBJC_WEAK = YES;
				CLANG_WARN_BLOCK_CAPTURE_AUTORELEASING = YES;
				CLANG_WARN_BOOL_CONVERSION = YES;
				CLANG_WARN_COMMA = YES;
				CLANG_WARN_CONSTANT_CONVERSION = YES;
				CLANG_WARN_DEPRECATED_OBJC_IMPLEMENTATIONS = YES;
				CLANG_WARN_DIRECT_OBJC_ISA_USAGE = YES_ERROR;
				CLANG_WARN_DOCUMENTATION_COMMENTS = YES;
				CLANG_WARN_EMPTY_BODY = YES;
				CLANG_WARN_ENUM_CONVERSION = YES;
				CLANG_WARN_INFINITE_RECURSION = YES;
				CLANG_WARN_INT_CONVERSION = YES;
				CLANG_WARN_NON_LITERAL_NULL_CONVERSION = YES;
				CLANG_WARN_OBJC_IMPLICIT_RETAIN_SELF = YES;
				CLANG_WARN_OBJC_LITERAL_CONVERSION = YES;
				CLANG_WARN_OBJC_ROOT_CLASS = YES_ERROR;
				CLANG_WARN_QUOTED_INCLUDE_IN_FRAMEWORK_HEADER = YES;
				CLANG_WARN_RANGE_LOOP_ANALYSIS = YES;
				CLANG_WARN_STRICT_PROTOTYPES = YES;
				CLANG_WARN_SUSPICIOUS_MOVE = YES;
				CLANG_WARN_UNGUARDED_AVAILABILITY = YES_AGGRESSIVE;
				CLANG_WARN_UNREACHABLE_CODE = YES;
				CLANG_WARN__DUPLICATE_METHOD_MATCH = YES;
				COPY_PHASE_STRIP = NO;
				CURRENT_PROJECT_VERSION = 1;
				DEBUG_INFORMATION_FORMAT = dwarf;
				ENABLE_STRICT_OBJC_MSGSEND = YES;
				ENABLE_TESTABILITY = YES;
				GCC_C_LANGUAGE_STANDARD = gnu11;
				GCC_DYNAMIC_NO_PIC = NO;
				GCC_NO_COMMON_BLOCKS = YES;
				GCC_OPTIMIZATION_LEVEL = 0;
				GCC_PREPROCESSOR_DEFINITIONS = (
					"DEBUG=1",
					"$(inherited)",
				);
				GCC_WARN_64_TO_32_BIT_CONVERSION = YES;
				GCC_WARN_ABOUT_RETURN_TYPE = YES_ERROR;
				GCC_WARN_UNDECLARED_SELECTOR = YES;
				GCC_WARN_UNINITIALIZED_AUTOS = YES_AGGRESSIVE;
				GCC_WARN_UNUSED_FUNCTION = YES;
				GCC_WARN_UNUSED_VARIABLE = YES;
				MACOSX_DEPLOYMENT_TARGET = 12.3;
				MTL_ENABLE_DEBUG_INFO = INCLUDE_SOURCE;
				MTL_FAST_MATH = YES;
				ONLY_ACTIVE_ARCH = YES;
				SDKROOT = macosx;
				SWIFT_ACTIVE_COMPILATION_CONDITIONS = DEBUG;
				SWIFT_OPTIMIZATION_LEVEL = "-Onone";
				VERSIONING_SYSTEM = "apple-generic";
				VERSION_INFO_PREFIX = "";
			};
			name = Debug;
		};
		34535D0D2890F21A00CCA78B /* Release */ = {
			isa = XCBuildConfiguration;
			buildSettings = {
				ALWAYS_SEARCH_USER_PATHS = NO;
				CLANG_ANALYZER_LOCALIZABILITY_NONLOCALIZED = YES;
				CLANG_ANALYZER_NONNULL = YES;
				CLANG_ANALYZER_NUMBER_OBJECT_CONVERSION = YES_AGGRESSIVE;
				CLANG_CXX_LANGUAGE_STANDARD = "gnu++17";
				CLANG_ENABLE_MODULES = YES;
				CLANG_ENABLE_OBJC_ARC = YES;
				CLANG_ENABLE_OBJC_WEAK = YES;
				CLANG_WARN_BLOCK_CAPTURE_AUTORELEASING = YES;
				CLANG_WARN_BOOL_CONVERSION = YES;
				CLANG_WARN_COMMA = YES;
				CLANG_WARN_CONSTANT_CONVERSION = YES;
				CLANG_WARN_DEPRECATED_OBJC_IMPLEMENTATIONS = YES;
				CLANG_WARN_DIRECT_OBJC_ISA_USAGE = YES_ERROR;
				CLANG_WARN_DOCUMENTATION_COMMENTS = YES;
				CLANG_WARN_EMPTY_BODY = YES;
				CLANG_WARN_ENUM_CONVERSION = YES;
				CLANG_WARN_INFINITE_RECURSION = YES;
				CLANG_WARN_INT_CONVERSION = YES;
				CLANG_WARN_NON_LITERAL_NULL_CONVERSION = YES;
				CLANG_WARN_OBJC_IMPLICIT_RETAIN_SELF = YES;
				CLANG_WARN_OBJC_LITERAL_CONVERSION = YES;
				CLANG_WARN_OBJC_ROOT_CLASS = YES_ERROR;
				CLANG_WARN_QUOTED_INCLUDE_IN_FRAMEWORK_HEADER = YES;
				CLANG_WARN_RANGE_LOOP_ANALYSIS = YES;
				CLANG_WARN_STRICT_PROTOTYPES = YES;
				CLANG_WARN_SUSPICIOUS_MOVE = YES;
				CLANG_WARN_UNGUARDED_AVAILABILITY = YES_AGGRESSIVE;
				CLANG_WARN_UNREACHABLE_CODE = YES;
				CLANG_WARN__DUPLICATE_METHOD_MATCH = YES;
				COPY_PHASE_STRIP = NO;
				CURRENT_PROJECT_VERSION = 1;
				DEBUG_INFORMATION_FORMAT = "dwarf-with-dsym";
				ENABLE_NS_ASSERTIONS = NO;
				ENABLE_STRICT_OBJC_MSGSEND = YES;
				GCC_C_LANGUAGE_STANDARD = gnu11;
				GCC_NO_COMMON_BLOCKS = YES;
				GCC_WARN_64_TO_32_BIT_CONVERSION = YES;
				GCC_WARN_ABOUT_RETURN_TYPE = YES_ERROR;
				GCC_WARN_UNDECLARED_SELECTOR = YES;
				GCC_WARN_UNINITIALIZED_AUTOS = YES_AGGRESSIVE;
				GCC_WARN_UNUSED_FUNCTION = YES;
				GCC_WARN_UNUSED_VARIABLE = YES;
				MACOSX_DEPLOYMENT_TARGET = 12.3;
				MTL_ENABLE_DEBUG_INFO = NO;
				MTL_FAST_MATH = YES;
				SDKROOT = macosx;
				SWIFT_COMPILATION_MODE = wholemodule;
				SWIFT_OPTIMIZATION_LEVEL = "-O";
				VERSIONING_SYSTEM = "apple-generic";
				VERSION_INFO_PREFIX = "";
			};
			name = Release;
		};
		34535D0F2890F21A00CCA78B /* Debug */ = {
			isa = XCBuildConfiguration;
			buildSettings = {
				CLANG_ENABLE_MODULES = YES;
				CODE_SIGN_STYLE = Automatic;
				COMBINE_HIDPI_IMAGES = YES;
				CURRENT_PROJECT_VERSION = 1;
				DEFINES_MODULE = YES;
				DEVELOPMENT_TEAM = "";
				DYLIB_COMPATIBILITY_VERSION = 1;
				DYLIB_CURRENT_VERSION = 1;
				DYLIB_INSTALL_NAME_BASE = "@rpath";
				GENERATE_INFOPLIST_FILE = YES;
				INFOPLIST_KEY_NSHumanReadableCopyright = "";
				INSTALL_PATH = "$(LOCAL_LIBRARY_DIR)/Frameworks";
				LD_RUNPATH_SEARCH_PATHS = (
					"$(inherited)",
					"@executable_path/../Frameworks",
					"@loader_path/Frameworks",
				);
				MARKETING_VERSION = 1.0;
				PRODUCT_BUNDLE_IDENTIFIER = com.patrickdomingo.EssentialFeed;
				PRODUCT_NAME = "$(TARGET_NAME:c99extidentifier)";
				SKIP_INSTALL = YES;
				SUPPORTED_PLATFORMS = "macosx iphonesimulator iphoneos";
				SWIFT_EMIT_LOC_STRINGS = YES;
				SWIFT_OPTIMIZATION_LEVEL = "-Onone";
				SWIFT_VERSION = 5.0;
			};
			name = Debug;
		};
		34535D102890F21A00CCA78B /* Release */ = {
			isa = XCBuildConfiguration;
			buildSettings = {
				CLANG_ENABLE_MODULES = YES;
				CODE_SIGN_STYLE = Automatic;
				COMBINE_HIDPI_IMAGES = YES;
				CURRENT_PROJECT_VERSION = 1;
				DEFINES_MODULE = YES;
				DEVELOPMENT_TEAM = "";
				DYLIB_COMPATIBILITY_VERSION = 1;
				DYLIB_CURRENT_VERSION = 1;
				DYLIB_INSTALL_NAME_BASE = "@rpath";
				GENERATE_INFOPLIST_FILE = YES;
				INFOPLIST_KEY_NSHumanReadableCopyright = "";
				INSTALL_PATH = "$(LOCAL_LIBRARY_DIR)/Frameworks";
				LD_RUNPATH_SEARCH_PATHS = (
					"$(inherited)",
					"@executable_path/../Frameworks",
					"@loader_path/Frameworks",
				);
				MARKETING_VERSION = 1.0;
				PRODUCT_BUNDLE_IDENTIFIER = com.patrickdomingo.EssentialFeed;
				PRODUCT_NAME = "$(TARGET_NAME:c99extidentifier)";
				SKIP_INSTALL = YES;
				SUPPORTED_PLATFORMS = "macosx iphonesimulator iphoneos";
				SWIFT_EMIT_LOC_STRINGS = YES;
				SWIFT_VERSION = 5.0;
			};
			name = Release;
		};
		34535D122890F21A00CCA78B /* Debug */ = {
			isa = XCBuildConfiguration;
			buildSettings = {
				ALWAYS_EMBED_SWIFT_STANDARD_LIBRARIES = YES;
				CLANG_ENABLE_MODULES = YES;
				CODE_SIGN_STYLE = Automatic;
				CURRENT_PROJECT_VERSION = 1;
				DEVELOPMENT_TEAM = 5V755NHP8F;
				GENERATE_INFOPLIST_FILE = YES;
				LD_RUNPATH_SEARCH_PATHS = (
					"$(inherited)",
					"@executable_path/../Frameworks",
					"@loader_path/../Frameworks",
				);
				MARKETING_VERSION = 1.0;
				PRODUCT_BUNDLE_IDENTIFIER = com.patrickdomingo.EssentialFeedTests;
				PRODUCT_NAME = "$(TARGET_NAME)";
				SUPPORTED_PLATFORMS = "macosx iphonesimulator iphoneos";
				SWIFT_EMIT_LOC_STRINGS = NO;
				SWIFT_OPTIMIZATION_LEVEL = "-Onone";
				SWIFT_VERSION = 5.0;
			};
			name = Debug;
		};
		34535D132890F21A00CCA78B /* Release */ = {
			isa = XCBuildConfiguration;
			buildSettings = {
				ALWAYS_EMBED_SWIFT_STANDARD_LIBRARIES = YES;
				CLANG_ENABLE_MODULES = YES;
				CODE_SIGN_STYLE = Automatic;
				CURRENT_PROJECT_VERSION = 1;
				DEVELOPMENT_TEAM = 5V755NHP8F;
				GENERATE_INFOPLIST_FILE = YES;
				LD_RUNPATH_SEARCH_PATHS = (
					"$(inherited)",
					"@executable_path/../Frameworks",
					"@loader_path/../Frameworks",
				);
				MARKETING_VERSION = 1.0;
				PRODUCT_BUNDLE_IDENTIFIER = com.patrickdomingo.EssentialFeedTests;
				PRODUCT_NAME = "$(TARGET_NAME)";
				SUPPORTED_PLATFORMS = "macosx iphonesimulator iphoneos";
				SWIFT_EMIT_LOC_STRINGS = NO;
				SWIFT_VERSION = 5.0;
			};
			name = Release;
		};
/* End XCBuildConfiguration section */

/* Begin XCConfigurationList section */
		340824312898CF43002E68FF /* Build configuration list for PBXNativeTarget "EssentialFeedAPIEndToEndTests" */ = {
			isa = XCConfigurationList;
			buildConfigurations = (
				340824322898CF43002E68FF /* Debug */,
				340824332898CF43002E68FF /* Release */,
			);
			defaultConfigurationIsVisible = 0;
			defaultConfigurationName = Release;
		};
		344613A8289CA2590076062D /* Build configuration list for PBXNativeTarget "EssentialFeedCacheIntegrationTests" */ = {
			isa = XCConfigurationList;
			buildConfigurations = (
				344613A9289CA2590076062D /* Debug */,
				344613AA289CA2590076062D /* Release */,
			);
			defaultConfigurationIsVisible = 0;
			defaultConfigurationName = Release;
		};
		344613F0289D06160076062D /* Build configuration list for PBXNativeTarget "EssentialFeediOS" */ = {
			isa = XCConfigurationList;
			buildConfigurations = (
				344613F1289D06160076062D /* Debug */,
				344613F2289D06160076062D /* Release */,
			);
			defaultConfigurationIsVisible = 0;
			defaultConfigurationName = Release;
		};
		344613F3289D06160076062D /* Build configuration list for PBXNativeTarget "EssentialFeediOSTests" */ = {
			isa = XCConfigurationList;
			buildConfigurations = (
				344613F4289D06160076062D /* Debug */,
				344613F5289D06160076062D /* Release */,
			);
			defaultConfigurationIsVisible = 0;
			defaultConfigurationName = Release;
		};
		34535CF62890F21A00CCA78B /* Build configuration list for PBXProject "EssentialFeed" */ = {
			isa = XCConfigurationList;
			buildConfigurations = (
				34535D0C2890F21A00CCA78B /* Debug */,
				34535D0D2890F21A00CCA78B /* Release */,
			);
			defaultConfigurationIsVisible = 0;
			defaultConfigurationName = Release;
		};
		34535D0E2890F21A00CCA78B /* Build configuration list for PBXNativeTarget "EssentialFeed" */ = {
			isa = XCConfigurationList;
			buildConfigurations = (
				34535D0F2890F21A00CCA78B /* Debug */,
				34535D102890F21A00CCA78B /* Release */,
			);
			defaultConfigurationIsVisible = 0;
			defaultConfigurationName = Release;
		};
		34535D112890F21A00CCA78B /* Build configuration list for PBXNativeTarget "EssentialFeedTests" */ = {
			isa = XCConfigurationList;
			buildConfigurations = (
				34535D122890F21A00CCA78B /* Debug */,
				34535D132890F21A00CCA78B /* Release */,
			);
			defaultConfigurationIsVisible = 0;
			defaultConfigurationName = Release;
		};
/* End XCConfigurationList section */

/* Begin XCVersionGroup section */
		34461390289BBA180076062D /* FeedStore.xcdatamodeld */ = {
			isa = XCVersionGroup;
			children = (
				3446146328A33AF00076062D /* FeedStore 2.xcdatamodel */,
				34461391289BBA180076062D /* FeedStore.xcdatamodel */,
			);
			currentVersion = 3446146328A33AF00076062D /* FeedStore 2.xcdatamodel */;
			path = FeedStore.xcdatamodeld;
			sourceTree = "<group>";
			versionGroupType = wrapper.xcdatamodel;
		};
/* End XCVersionGroup section */
	};
	rootObject = 34535CF32890F21A00CCA78B /* Project object */;
}
