// !$*UTF8*$!
{
	archiveVersion = 1;
	classes = {
	};
	objectVersion = 55;
	objects = {

/* Begin PBXBuildFile section */
		3408241E28979B7E002E68FF /* HTTPClient.swift in Sources */ = {isa = PBXBuildFile; fileRef = 3408241D28979B7E002E68FF /* HTTPClient.swift */; };
		340824202897A37D002E68FF /* FeedItemsMapper.swift in Sources */ = {isa = PBXBuildFile; fileRef = 3408241F2897A37D002E68FF /* FeedItemsMapper.swift */; };
		340824232897B14C002E68FF /* URLSessionHTTPClientTests.swift in Sources */ = {isa = PBXBuildFile; fileRef = 340824222897B14C002E68FF /* URLSessionHTTPClientTests.swift */; };
		340824252898B271002E68FF /* URLSessionHTTPClient.swift in Sources */ = {isa = PBXBuildFile; fileRef = 340824242898B271002E68FF /* URLSessionHTTPClient.swift */; };
		3408242D2898CF43002E68FF /* EssentialFeedAPIEndToEndTests.swift in Sources */ = {isa = PBXBuildFile; fileRef = 3408242C2898CF43002E68FF /* EssentialFeedAPIEndToEndTests.swift */; };
		3408242E2898CF43002E68FF /* EssentialFeed.framework in Frameworks */ = {isa = PBXBuildFile; fileRef = 34535CFC2890F21A00CCA78B /* EssentialFeed.framework */; };
		340824342898D52F002E68FF /* XCTTestCase+MemoryLeakTracking.swift in Sources */ = {isa = PBXBuildFile; fileRef = 8002F88C2898044500FD366B /* XCTTestCase+MemoryLeakTracking.swift */; };
		34082439289A1BAC002E68FF /* CacheFeedUseCaseTests.swift in Sources */ = {isa = PBXBuildFile; fileRef = 34082438289A1BAC002E68FF /* CacheFeedUseCaseTests.swift */; };
		3408243C289A3785002E68FF /* LocalFeedLoader.swift in Sources */ = {isa = PBXBuildFile; fileRef = 3408243B289A3785002E68FF /* LocalFeedLoader.swift */; };
		3408243E289A37CE002E68FF /* FeedStore.swift in Sources */ = {isa = PBXBuildFile; fileRef = 3408243D289A37CE002E68FF /* FeedStore.swift */; };
		34082440289A3ED8002E68FF /* RemoteFeedItem.swift in Sources */ = {isa = PBXBuildFile; fileRef = 3408243F289A3ED8002E68FF /* RemoteFeedItem.swift */; };
		34082442289A3F02002E68FF /* LocalFeedItem.swift in Sources */ = {isa = PBXBuildFile; fileRef = 34082441289A3F02002E68FF /* LocalFeedItem.swift */; };
		34535D052890F21A00CCA78B /* EssentialFeed.framework in Frameworks */ = {isa = PBXBuildFile; fileRef = 34535CFC2890F21A00CCA78B /* EssentialFeed.framework */; };
		34535D152890F31300CCA78B /* FeedItem.swift in Sources */ = {isa = PBXBuildFile; fileRef = 34535D142890F31300CCA78B /* FeedItem.swift */; };
		34535D172890F36000CCA78B /* FeedLoader.swift in Sources */ = {isa = PBXBuildFile; fileRef = 34535D162890F36000CCA78B /* FeedLoader.swift */; };
		34535D1A2890FA9A00CCA78B /* LoadFeedFromRemoteUseCaseTests.swift in Sources */ = {isa = PBXBuildFile; fileRef = 34535D192890FA9A00CCA78B /* LoadFeedFromRemoteUseCaseTests.swift */; };
		34535D1D28911AB200CCA78B /* RemoteFeedLoader.swift in Sources */ = {isa = PBXBuildFile; fileRef = 34535D1C28911AB200CCA78B /* RemoteFeedLoader.swift */; };
		8002F88D2898044500FD366B /* XCTTestCase+MemoryLeakTracking.swift in Sources */ = {isa = PBXBuildFile; fileRef = 8002F88C2898044500FD366B /* XCTTestCase+MemoryLeakTracking.swift */; };
/* End PBXBuildFile section */

/* Begin PBXContainerItemProxy section */
		3408242F2898CF43002E68FF /* PBXContainerItemProxy */ = {
			isa = PBXContainerItemProxy;
			containerPortal = 34535CF32890F21A00CCA78B /* Project object */;
			proxyType = 1;
			remoteGlobalIDString = 34535CFB2890F21A00CCA78B;
			remoteInfo = EssentialFeed;
		};
		34535D062890F21A00CCA78B /* PBXContainerItemProxy */ = {
			isa = PBXContainerItemProxy;
			containerPortal = 34535CF32890F21A00CCA78B /* Project object */;
			proxyType = 1;
			remoteGlobalIDString = 34535CFB2890F21A00CCA78B;
			remoteInfo = EssentialFeed;
		};
/* End PBXContainerItemProxy section */

/* Begin PBXFileReference section */
		3408241D28979B7E002E68FF /* HTTPClient.swift */ = {isa = PBXFileReference; lastKnownFileType = sourcecode.swift; path = HTTPClient.swift; sourceTree = "<group>"; };
		3408241F2897A37D002E68FF /* FeedItemsMapper.swift */ = {isa = PBXFileReference; lastKnownFileType = sourcecode.swift; path = FeedItemsMapper.swift; sourceTree = "<group>"; };
		340824222897B14C002E68FF /* URLSessionHTTPClientTests.swift */ = {isa = PBXFileReference; lastKnownFileType = sourcecode.swift; path = URLSessionHTTPClientTests.swift; sourceTree = "<group>"; };
		340824242898B271002E68FF /* URLSessionHTTPClient.swift */ = {isa = PBXFileReference; lastKnownFileType = sourcecode.swift; path = URLSessionHTTPClient.swift; sourceTree = "<group>"; };
		3408242A2898CF43002E68FF /* EssentialFeedAPIEndToEndTests.xctest */ = {isa = PBXFileReference; explicitFileType = wrapper.cfbundle; includeInIndex = 0; path = EssentialFeedAPIEndToEndTests.xctest; sourceTree = BUILT_PRODUCTS_DIR; };
		3408242C2898CF43002E68FF /* EssentialFeedAPIEndToEndTests.swift */ = {isa = PBXFileReference; lastKnownFileType = sourcecode.swift; path = EssentialFeedAPIEndToEndTests.swift; sourceTree = "<group>"; };
		34082438289A1BAC002E68FF /* CacheFeedUseCaseTests.swift */ = {isa = PBXFileReference; lastKnownFileType = sourcecode.swift; path = CacheFeedUseCaseTests.swift; sourceTree = "<group>"; };
		3408243B289A3785002E68FF /* LocalFeedLoader.swift */ = {isa = PBXFileReference; lastKnownFileType = sourcecode.swift; path = LocalFeedLoader.swift; sourceTree = "<group>"; };
		3408243D289A37CE002E68FF /* FeedStore.swift */ = {isa = PBXFileReference; lastKnownFileType = sourcecode.swift; path = FeedStore.swift; sourceTree = "<group>"; };
		3408243F289A3ED8002E68FF /* RemoteFeedItem.swift */ = {isa = PBXFileReference; lastKnownFileType = sourcecode.swift; path = RemoteFeedItem.swift; sourceTree = "<group>"; };
		34082441289A3F02002E68FF /* LocalFeedItem.swift */ = {isa = PBXFileReference; lastKnownFileType = sourcecode.swift; path = LocalFeedItem.swift; sourceTree = "<group>"; };
		34535CFC2890F21A00CCA78B /* EssentialFeed.framework */ = {isa = PBXFileReference; explicitFileType = wrapper.framework; includeInIndex = 0; path = EssentialFeed.framework; sourceTree = BUILT_PRODUCTS_DIR; };
		34535D042890F21A00CCA78B /* EssentialFeedTests.xctest */ = {isa = PBXFileReference; explicitFileType = wrapper.cfbundle; includeInIndex = 0; path = EssentialFeedTests.xctest; sourceTree = BUILT_PRODUCTS_DIR; };
		34535D142890F31300CCA78B /* FeedItem.swift */ = {isa = PBXFileReference; lastKnownFileType = sourcecode.swift; path = FeedItem.swift; sourceTree = "<group>"; };
		34535D162890F36000CCA78B /* FeedLoader.swift */ = {isa = PBXFileReference; lastKnownFileType = sourcecode.swift; path = FeedLoader.swift; sourceTree = "<group>"; };
		34535D192890FA9A00CCA78B /* LoadFeedFromRemoteUseCaseTests.swift */ = {isa = PBXFileReference; lastKnownFileType = sourcecode.swift; path = LoadFeedFromRemoteUseCaseTests.swift; sourceTree = "<group>"; };
		34535D1C28911AB200CCA78B /* RemoteFeedLoader.swift */ = {isa = PBXFileReference; lastKnownFileType = sourcecode.swift; path = RemoteFeedLoader.swift; sourceTree = "<group>"; };
		8002F88C2898044500FD366B /* XCTTestCase+MemoryLeakTracking.swift */ = {isa = PBXFileReference; lastKnownFileType = sourcecode.swift; path = "XCTTestCase+MemoryLeakTracking.swift"; sourceTree = "<group>"; };
/* End PBXFileReference section */

/* Begin PBXFrameworksBuildPhase section */
		340824272898CF43002E68FF /* Frameworks */ = {
			isa = PBXFrameworksBuildPhase;
			buildActionMask = 2147483647;
			files = (
				3408242E2898CF43002E68FF /* EssentialFeed.framework in Frameworks */,
			);
			runOnlyForDeploymentPostprocessing = 0;
		};
		34535CF92890F21A00CCA78B /* Frameworks */ = {
			isa = PBXFrameworksBuildPhase;
			buildActionMask = 2147483647;
			files = (
			);
			runOnlyForDeploymentPostprocessing = 0;
		};
		34535D012890F21A00CCA78B /* Frameworks */ = {
			isa = PBXFrameworksBuildPhase;
			buildActionMask = 2147483647;
			files = (
				34535D052890F21A00CCA78B /* EssentialFeed.framework in Frameworks */,
			);
			runOnlyForDeploymentPostprocessing = 0;
		};
/* End PBXFrameworksBuildPhase section */

/* Begin PBXGroup section */
		340824212897A891002E68FF /* Feed API */ = {
			isa = PBXGroup;
			children = (
				34535D192890FA9A00CCA78B /* LoadFeedFromRemoteUseCaseTests.swift */,
				340824222897B14C002E68FF /* URLSessionHTTPClientTests.swift */,
			);
			path = "Feed API";
			sourceTree = "<group>";
		};
		3408242B2898CF43002E68FF /* EssentialFeedAPIEndToEndTests */ = {
			isa = PBXGroup;
			children = (
				3408242C2898CF43002E68FF /* EssentialFeedAPIEndToEndTests.swift */,
			);
			path = EssentialFeedAPIEndToEndTests;
			sourceTree = "<group>";
		};
		34082437289A1B83002E68FF /* Feed Cache */ = {
			isa = PBXGroup;
			children = (
				34082438289A1BAC002E68FF /* CacheFeedUseCaseTests.swift */,
			);
			path = "Feed Cache";
			sourceTree = "<group>";
		};
		3408243A289A3777002E68FF /* Feed Cache */ = {
			isa = PBXGroup;
			children = (
				3408243B289A3785002E68FF /* LocalFeedLoader.swift */,
				3408243D289A37CE002E68FF /* FeedStore.swift */,
				34082441289A3F02002E68FF /* LocalFeedItem.swift */,
			);
			path = "Feed Cache";
			sourceTree = "<group>";
		};
		34535CF22890F21A00CCA78B = {
			isa = PBXGroup;
			children = (
				34535CFE2890F21A00CCA78B /* EssentialFeed */,
				34535D082890F21A00CCA78B /* EssentialFeedTests */,
				3408242B2898CF43002E68FF /* EssentialFeedAPIEndToEndTests */,
				34535CFD2890F21A00CCA78B /* Products */,
			);
			sourceTree = "<group>";
		};
		34535CFD2890F21A00CCA78B /* Products */ = {
			isa = PBXGroup;
			children = (
				34535CFC2890F21A00CCA78B /* EssentialFeed.framework */,
				34535D042890F21A00CCA78B /* EssentialFeedTests.xctest */,
				3408242A2898CF43002E68FF /* EssentialFeedAPIEndToEndTests.xctest */,
			);
			name = Products;
			sourceTree = "<group>";
		};
		34535CFE2890F21A00CCA78B /* EssentialFeed */ = {
			isa = PBXGroup;
			children = (
				3408243A289A3777002E68FF /* Feed Cache */,
				34535D1B28911AA400CCA78B /* Feed API */,
				34535D182890F38B00CCA78B /* Feed Feature */,
			);
			path = EssentialFeed;
			sourceTree = "<group>";
		};
		34535D082890F21A00CCA78B /* EssentialFeedTests */ = {
			isa = PBXGroup;
			children = (
				8002F88B2898042600FD366B /* Helpers */,
				34082437289A1B83002E68FF /* Feed Cache */,
				340824212897A891002E68FF /* Feed API */,
			);
			path = EssentialFeedTests;
			sourceTree = "<group>";
		};
		34535D182890F38B00CCA78B /* Feed Feature */ = {
			isa = PBXGroup;
			children = (
				34535D142890F31300CCA78B /* FeedItem.swift */,
				34535D162890F36000CCA78B /* FeedLoader.swift */,
			);
			path = "Feed Feature";
			sourceTree = "<group>";
		};
		34535D1B28911AA400CCA78B /* Feed API */ = {
			isa = PBXGroup;
			children = (
				34535D1C28911AB200CCA78B /* RemoteFeedLoader.swift */,
				3408241D28979B7E002E68FF /* HTTPClient.swift */,
				3408241F2897A37D002E68FF /* FeedItemsMapper.swift */,
				340824242898B271002E68FF /* URLSessionHTTPClient.swift */,
				3408243F289A3ED8002E68FF /* RemoteFeedItem.swift */,
			);
			path = "Feed API";
			sourceTree = "<group>";
		};
		8002F88B2898042600FD366B /* Helpers */ = {
			isa = PBXGroup;
			children = (
				8002F88C2898044500FD366B /* XCTTestCase+MemoryLeakTracking.swift */,
			);
			path = Helpers;
			sourceTree = "<group>";
		};
/* End PBXGroup section */

/* Begin PBXHeadersBuildPhase section */
		34535CF72890F21A00CCA78B /* Headers */ = {
			isa = PBXHeadersBuildPhase;
			buildActionMask = 2147483647;
			files = (
			);
			runOnlyForDeploymentPostprocessing = 0;
		};
/* End PBXHeadersBuildPhase section */

/* Begin PBXNativeTarget section */
		340824292898CF43002E68FF /* EssentialFeedAPIEndToEndTests */ = {
			isa = PBXNativeTarget;
			buildConfigurationList = 340824312898CF43002E68FF /* Build configuration list for PBXNativeTarget "EssentialFeedAPIEndToEndTests" */;
			buildPhases = (
				340824262898CF43002E68FF /* Sources */,
				340824272898CF43002E68FF /* Frameworks */,
				340824282898CF43002E68FF /* Resources */,
			);
			buildRules = (
			);
			dependencies = (
				340824302898CF43002E68FF /* PBXTargetDependency */,
			);
			name = EssentialFeedAPIEndToEndTests;
			productName = EssentialFeedAPIEndToEndTests;
			productReference = 3408242A2898CF43002E68FF /* EssentialFeedAPIEndToEndTests.xctest */;
			productType = "com.apple.product-type.bundle.unit-test";
		};
		34535CFB2890F21A00CCA78B /* EssentialFeed */ = {
			isa = PBXNativeTarget;
			buildConfigurationList = 34535D0E2890F21A00CCA78B /* Build configuration list for PBXNativeTarget "EssentialFeed" */;
			buildPhases = (
				34535CF72890F21A00CCA78B /* Headers */,
				34535CF82890F21A00CCA78B /* Sources */,
				34535CF92890F21A00CCA78B /* Frameworks */,
				34535CFA2890F21A00CCA78B /* Resources */,
			);
			buildRules = (
			);
			dependencies = (
			);
			name = EssentialFeed;
			productName = EssentialFeed;
			productReference = 34535CFC2890F21A00CCA78B /* EssentialFeed.framework */;
			productType = "com.apple.product-type.framework";
		};
		34535D032890F21A00CCA78B /* EssentialFeedTests */ = {
			isa = PBXNativeTarget;
			buildConfigurationList = 34535D112890F21A00CCA78B /* Build configuration list for PBXNativeTarget "EssentialFeedTests" */;
			buildPhases = (
				34535D002890F21A00CCA78B /* Sources */,
				34535D012890F21A00CCA78B /* Frameworks */,
				34535D022890F21A00CCA78B /* Resources */,
			);
			buildRules = (
			);
			dependencies = (
				34535D072890F21A00CCA78B /* PBXTargetDependency */,
			);
			name = EssentialFeedTests;
			productName = EssentialFeedTests;
			productReference = 34535D042890F21A00CCA78B /* EssentialFeedTests.xctest */;
			productType = "com.apple.product-type.bundle.unit-test";
		};
/* End PBXNativeTarget section */

/* Begin PBXProject section */
		34535CF32890F21A00CCA78B /* Project object */ = {
			isa = PBXProject;
			attributes = {
				BuildIndependentTargetsInParallel = 1;
				LastSwiftUpdateCheck = 1340;
				LastUpgradeCheck = 1340;
				TargetAttributes = {
					340824292898CF43002E68FF = {
						CreatedOnToolsVersion = 13.4.1;
					};
					34535CFB2890F21A00CCA78B = {
						CreatedOnToolsVersion = 13.4.1;
						LastSwiftMigration = 1340;
					};
					34535D032890F21A00CCA78B = {
						CreatedOnToolsVersion = 13.4.1;
						LastSwiftMigration = 1340;
					};
				};
			};
			buildConfigurationList = 34535CF62890F21A00CCA78B /* Build configuration list for PBXProject "EssentialFeed" */;
			compatibilityVersion = "Xcode 13.0";
			developmentRegion = en;
			hasScannedForEncodings = 0;
			knownRegions = (
				en,
				Base,
			);
			mainGroup = 34535CF22890F21A00CCA78B;
			productRefGroup = 34535CFD2890F21A00CCA78B /* Products */;
			projectDirPath = "";
			projectRoot = "";
			targets = (
				34535CFB2890F21A00CCA78B /* EssentialFeed */,
				34535D032890F21A00CCA78B /* EssentialFeedTests */,
				340824292898CF43002E68FF /* EssentialFeedAPIEndToEndTests */,
			);
		};
/* End PBXProject section */

/* Begin PBXResourcesBuildPhase section */
		340824282898CF43002E68FF /* Resources */ = {
			isa = PBXResourcesBuildPhase;
			buildActionMask = 2147483647;
			files = (
			);
			runOnlyForDeploymentPostprocessing = 0;
		};
		34535CFA2890F21A00CCA78B /* Resources */ = {
			isa = PBXResourcesBuildPhase;
			buildActionMask = 2147483647;
			files = (
			);
			runOnlyForDeploymentPostprocessing = 0;
		};
		34535D022890F21A00CCA78B /* Resources */ = {
			isa = PBXResourcesBuildPhase;
			buildActionMask = 2147483647;
			files = (
			);
			runOnlyForDeploymentPostprocessing = 0;
		};
/* End PBXResourcesBuildPhase section */

/* Begin PBXSourcesBuildPhase section */
		340824262898CF43002E68FF /* Sources */ = {
			isa = PBXSourcesBuildPhase;
			buildActionMask = 2147483647;
			files = (
				340824342898D52F002E68FF /* XCTTestCase+MemoryLeakTracking.swift in Sources */,
				3408242D2898CF43002E68FF /* EssentialFeedAPIEndToEndTests.swift in Sources */,
			);
			runOnlyForDeploymentPostprocessing = 0;
		};
		34535CF82890F21A00CCA78B /* Sources */ = {
			isa = PBXSourcesBuildPhase;
			buildActionMask = 2147483647;
			files = (
				340824202897A37D002E68FF /* FeedItemsMapper.swift in Sources */,
				34535D172890F36000CCA78B /* FeedLoader.swift in Sources */,
				34082440289A3ED8002E68FF /* RemoteFeedItem.swift in Sources */,
				34535D1D28911AB200CCA78B /* RemoteFeedLoader.swift in Sources */,
				34082442289A3F02002E68FF /* LocalFeedItem.swift in Sources */,
				3408243E289A37CE002E68FF /* FeedStore.swift in Sources */,
				3408243C289A3785002E68FF /* LocalFeedLoader.swift in Sources */,
				3408241E28979B7E002E68FF /* HTTPClient.swift in Sources */,
				34535D152890F31300CCA78B /* FeedItem.swift in Sources */,
				340824252898B271002E68FF /* URLSessionHTTPClient.swift in Sources */,
			);
			runOnlyForDeploymentPostprocessing = 0;
		};
		34535D002890F21A00CCA78B /* Sources */ = {
			isa = PBXSourcesBuildPhase;
			buildActionMask = 2147483647;
			files = (
				34535D1A2890FA9A00CCA78B /* LoadFeedFromRemoteUseCaseTests.swift in Sources */,
				340824232897B14C002E68FF /* URLSessionHTTPClientTests.swift in Sources */,
				34082439289A1BAC002E68FF /* CacheFeedUseCaseTests.swift in Sources */,
				8002F88D2898044500FD366B /* XCTTestCase+MemoryLeakTracking.swift in Sources */,
			);
			runOnlyForDeploymentPostprocessing = 0;
		};
/* End PBXSourcesBuildPhase section */

/* Begin PBXTargetDependency section */
		340824302898CF43002E68FF /* PBXTargetDependency */ = {
			isa = PBXTargetDependency;
			target = 34535CFB2890F21A00CCA78B /* EssentialFeed */;
			targetProxy = 3408242F2898CF43002E68FF /* PBXContainerItemProxy */;
		};
		34535D072890F21A00CCA78B /* PBXTargetDependency */ = {
			isa = PBXTargetDependency;
			target = 34535CFB2890F21A00CCA78B /* EssentialFeed */;
			targetProxy = 34535D062890F21A00CCA78B /* PBXContainerItemProxy */;
		};
/* End PBXTargetDependency section */

/* Begin XCBuildConfiguration section */
		340824322898CF43002E68FF /* Debug */ = {
			isa = XCBuildConfiguration;
			buildSettings = {
				CODE_SIGN_STYLE = Automatic;
				CURRENT_PROJECT_VERSION = 1;
				DEVELOPMENT_TEAM = 5V755NHP8F;
				GENERATE_INFOPLIST_FILE = YES;
				MARKETING_VERSION = 1.0;
				PRODUCT_BUNDLE_IDENTIFIER = com.patrickdomingo.EssentialFeedAPIEndToEndTests;
				PRODUCT_NAME = "$(TARGET_NAME)";
				SWIFT_EMIT_LOC_STRINGS = NO;
				SWIFT_VERSION = 5.0;
			};
			name = Debug;
		};
		340824332898CF43002E68FF /* Release */ = {
			isa = XCBuildConfiguration;
			buildSettings = {
				CODE_SIGN_STYLE = Automatic;
				CURRENT_PROJECT_VERSION = 1;
				DEVELOPMENT_TEAM = 5V755NHP8F;
				GENERATE_INFOPLIST_FILE = YES;
				MARKETING_VERSION = 1.0;
				PRODUCT_BUNDLE_IDENTIFIER = com.patrickdomingo.EssentialFeedAPIEndToEndTests;
				PRODUCT_NAME = "$(TARGET_NAME)";
				SWIFT_EMIT_LOC_STRINGS = NO;
				SWIFT_VERSION = 5.0;
			};
			name = Release;
		};
		34535D0C2890F21A00CCA78B /* Debug */ = {
			isa = XCBuildConfiguration;
			buildSettings = {
				ALWAYS_SEARCH_USER_PATHS = NO;
				CLANG_ANALYZER_NONNULL = YES;
				CLANG_ANALYZER_NUMBER_OBJECT_CONVERSION = YES_AGGRESSIVE;
				CLANG_CXX_LANGUAGE_STANDARD = "gnu++17";
				CLANG_ENABLE_MODULES = YES;
				CLANG_ENABLE_OBJC_ARC = YES;
				CLANG_ENABLE_OBJC_WEAK = YES;
				CLANG_WARN_BLOCK_CAPTURE_AUTORELEASING = YES;
				CLANG_WARN_BOOL_CONVERSION = YES;
				CLANG_WARN_COMMA = YES;
				CLANG_WARN_CONSTANT_CONVERSION = YES;
				CLANG_WARN_DEPRECATED_OBJC_IMPLEMENTATIONS = YES;
				CLANG_WARN_DIRECT_OBJC_ISA_USAGE = YES_ERROR;
				CLANG_WARN_DOCUMENTATION_COMMENTS = YES;
				CLANG_WARN_EMPTY_BODY = YES;
				CLANG_WARN_ENUM_CONVERSION = YES;
				CLANG_WARN_INFINITE_RECURSION = YES;
				CLANG_WARN_INT_CONVERSION = YES;
				CLANG_WARN_NON_LITERAL_NULL_CONVERSION = YES;
				CLANG_WARN_OBJC_IMPLICIT_RETAIN_SELF = YES;
				CLANG_WARN_OBJC_LITERAL_CONVERSION = YES;
				CLANG_WARN_OBJC_ROOT_CLASS = YES_ERROR;
				CLANG_WARN_QUOTED_INCLUDE_IN_FRAMEWORK_HEADER = YES;
				CLANG_WARN_RANGE_LOOP_ANALYSIS = YES;
				CLANG_WARN_STRICT_PROTOTYPES = YES;
				CLANG_WARN_SUSPICIOUS_MOVE = YES;
				CLANG_WARN_UNGUARDED_AVAILABILITY = YES_AGGRESSIVE;
				CLANG_WARN_UNREACHABLE_CODE = YES;
				CLANG_WARN__DUPLICATE_METHOD_MATCH = YES;
				COPY_PHASE_STRIP = NO;
				CURRENT_PROJECT_VERSION = 1;
				DEBUG_INFORMATION_FORMAT = dwarf;
				ENABLE_STRICT_OBJC_MSGSEND = YES;
				ENABLE_TESTABILITY = YES;
				GCC_C_LANGUAGE_STANDARD = gnu11;
				GCC_DYNAMIC_NO_PIC = NO;
				GCC_NO_COMMON_BLOCKS = YES;
				GCC_OPTIMIZATION_LEVEL = 0;
				GCC_PREPROCESSOR_DEFINITIONS = (
					"DEBUG=1",
					"$(inherited)",
				);
				GCC_WARN_64_TO_32_BIT_CONVERSION = YES;
				GCC_WARN_ABOUT_RETURN_TYPE = YES_ERROR;
				GCC_WARN_UNDECLARED_SELECTOR = YES;
				GCC_WARN_UNINITIALIZED_AUTOS = YES_AGGRESSIVE;
				GCC_WARN_UNUSED_FUNCTION = YES;
				GCC_WARN_UNUSED_VARIABLE = YES;
				MACOSX_DEPLOYMENT_TARGET = 12.3;
				MTL_ENABLE_DEBUG_INFO = INCLUDE_SOURCE;
				MTL_FAST_MATH = YES;
				ONLY_ACTIVE_ARCH = YES;
				SDKROOT = macosx;
				SWIFT_ACTIVE_COMPILATION_CONDITIONS = DEBUG;
				SWIFT_OPTIMIZATION_LEVEL = "-Onone";
				VERSIONING_SYSTEM = "apple-generic";
				VERSION_INFO_PREFIX = "";
			};
			name = Debug;
		};
		34535D0D2890F21A00CCA78B /* Release */ = {
			isa = XCBuildConfiguration;
			buildSettings = {
				ALWAYS_SEARCH_USER_PATHS = NO;
				CLANG_ANALYZER_NONNULL = YES;
				CLANG_ANALYZER_NUMBER_OBJECT_CONVERSION = YES_AGGRESSIVE;
				CLANG_CXX_LANGUAGE_STANDARD = "gnu++17";
				CLANG_ENABLE_MODULES = YES;
				CLANG_ENABLE_OBJC_ARC = YES;
				CLANG_ENABLE_OBJC_WEAK = YES;
				CLANG_WARN_BLOCK_CAPTURE_AUTORELEASING = YES;
				CLANG_WARN_BOOL_CONVERSION = YES;
				CLANG_WARN_COMMA = YES;
				CLANG_WARN_CONSTANT_CONVERSION = YES;
				CLANG_WARN_DEPRECATED_OBJC_IMPLEMENTATIONS = YES;
				CLANG_WARN_DIRECT_OBJC_ISA_USAGE = YES_ERROR;
				CLANG_WARN_DOCUMENTATION_COMMENTS = YES;
				CLANG_WARN_EMPTY_BODY = YES;
				CLANG_WARN_ENUM_CONVERSION = YES;
				CLANG_WARN_INFINITE_RECURSION = YES;
				CLANG_WARN_INT_CONVERSION = YES;
				CLANG_WARN_NON_LITERAL_NULL_CONVERSION = YES;
				CLANG_WARN_OBJC_IMPLICIT_RETAIN_SELF = YES;
				CLANG_WARN_OBJC_LITERAL_CONVERSION = YES;
				CLANG_WARN_OBJC_ROOT_CLASS = YES_ERROR;
				CLANG_WARN_QUOTED_INCLUDE_IN_FRAMEWORK_HEADER = YES;
				CLANG_WARN_RANGE_LOOP_ANALYSIS = YES;
				CLANG_WARN_STRICT_PROTOTYPES = YES;
				CLANG_WARN_SUSPICIOUS_MOVE = YES;
				CLANG_WARN_UNGUARDED_AVAILABILITY = YES_AGGRESSIVE;
				CLANG_WARN_UNREACHABLE_CODE = YES;
				CLANG_WARN__DUPLICATE_METHOD_MATCH = YES;
				COPY_PHASE_STRIP = NO;
				CURRENT_PROJECT_VERSION = 1;
				DEBUG_INFORMATION_FORMAT = "dwarf-with-dsym";
				ENABLE_NS_ASSERTIONS = NO;
				ENABLE_STRICT_OBJC_MSGSEND = YES;
				GCC_C_LANGUAGE_STANDARD = gnu11;
				GCC_NO_COMMON_BLOCKS = YES;
				GCC_WARN_64_TO_32_BIT_CONVERSION = YES;
				GCC_WARN_ABOUT_RETURN_TYPE = YES_ERROR;
				GCC_WARN_UNDECLARED_SELECTOR = YES;
				GCC_WARN_UNINITIALIZED_AUTOS = YES_AGGRESSIVE;
				GCC_WARN_UNUSED_FUNCTION = YES;
				GCC_WARN_UNUSED_VARIABLE = YES;
				MACOSX_DEPLOYMENT_TARGET = 12.3;
				MTL_ENABLE_DEBUG_INFO = NO;
				MTL_FAST_MATH = YES;
				SDKROOT = macosx;
				SWIFT_COMPILATION_MODE = wholemodule;
				SWIFT_OPTIMIZATION_LEVEL = "-O";
				VERSIONING_SYSTEM = "apple-generic";
				VERSION_INFO_PREFIX = "";
			};
			name = Release;
		};
		34535D0F2890F21A00CCA78B /* Debug */ = {
			isa = XCBuildConfiguration;
			buildSettings = {
				CLANG_ENABLE_MODULES = YES;
				CODE_SIGN_STYLE = Automatic;
				COMBINE_HIDPI_IMAGES = YES;
				CURRENT_PROJECT_VERSION = 1;
				DEFINES_MODULE = YES;
				DEVELOPMENT_TEAM = "";
				DYLIB_COMPATIBILITY_VERSION = 1;
				DYLIB_CURRENT_VERSION = 1;
				DYLIB_INSTALL_NAME_BASE = "@rpath";
				GENERATE_INFOPLIST_FILE = YES;
				INFOPLIST_KEY_NSHumanReadableCopyright = "";
				INSTALL_PATH = "$(LOCAL_LIBRARY_DIR)/Frameworks";
				LD_RUNPATH_SEARCH_PATHS = (
					"$(inherited)",
					"@executable_path/../Frameworks",
					"@loader_path/Frameworks",
				);
				MARKETING_VERSION = 1.0;
				PRODUCT_BUNDLE_IDENTIFIER = com.patrickdomingo.EssentialFeed;
				PRODUCT_NAME = "$(TARGET_NAME:c99extidentifier)";
				SKIP_INSTALL = YES;
				SWIFT_EMIT_LOC_STRINGS = YES;
				SWIFT_OPTIMIZATION_LEVEL = "-Onone";
				SWIFT_VERSION = 5.0;
			};
			name = Debug;
		};
		34535D102890F21A00CCA78B /* Release */ = {
			isa = XCBuildConfiguration;
			buildSettings = {
				CLANG_ENABLE_MODULES = YES;
				CODE_SIGN_STYLE = Automatic;
				COMBINE_HIDPI_IMAGES = YES;
				CURRENT_PROJECT_VERSION = 1;
				DEFINES_MODULE = YES;
				DEVELOPMENT_TEAM = "";
				DYLIB_COMPATIBILITY_VERSION = 1;
				DYLIB_CURRENT_VERSION = 1;
				DYLIB_INSTALL_NAME_BASE = "@rpath";
				GENERATE_INFOPLIST_FILE = YES;
				INFOPLIST_KEY_NSHumanReadableCopyright = "";
				INSTALL_PATH = "$(LOCAL_LIBRARY_DIR)/Frameworks";
				LD_RUNPATH_SEARCH_PATHS = (
					"$(inherited)",
					"@executable_path/../Frameworks",
					"@loader_path/Frameworks",
				);
				MARKETING_VERSION = 1.0;
				PRODUCT_BUNDLE_IDENTIFIER = com.patrickdomingo.EssentialFeed;
				PRODUCT_NAME = "$(TARGET_NAME:c99extidentifier)";
				SKIP_INSTALL = YES;
				SWIFT_EMIT_LOC_STRINGS = YES;
				SWIFT_VERSION = 5.0;
			};
			name = Release;
		};
		34535D122890F21A00CCA78B /* Debug */ = {
			isa = XCBuildConfiguration;
			buildSettings = {
				ALWAYS_EMBED_SWIFT_STANDARD_LIBRARIES = YES;
				CLANG_ENABLE_MODULES = YES;
				CODE_SIGN_STYLE = Automatic;
				CURRENT_PROJECT_VERSION = 1;
				DEVELOPMENT_TEAM = 5V755NHP8F;
				GENERATE_INFOPLIST_FILE = YES;
				LD_RUNPATH_SEARCH_PATHS = (
					"$(inherited)",
					"@executable_path/../Frameworks",
					"@loader_path/../Frameworks",
				);
				MARKETING_VERSION = 1.0;
				PRODUCT_BUNDLE_IDENTIFIER = com.patrickdomingo.EssentialFeedTests;
				PRODUCT_NAME = "$(TARGET_NAME)";
				SWIFT_EMIT_LOC_STRINGS = NO;
				SWIFT_OPTIMIZATION_LEVEL = "-Onone";
				SWIFT_VERSION = 5.0;
			};
			name = Debug;
		};
		34535D132890F21A00CCA78B /* Release */ = {
			isa = XCBuildConfiguration;
			buildSettings = {
				ALWAYS_EMBED_SWIFT_STANDARD_LIBRARIES = YES;
				CLANG_ENABLE_MODULES = YES;
				CODE_SIGN_STYLE = Automatic;
				CURRENT_PROJECT_VERSION = 1;
				DEVELOPMENT_TEAM = 5V755NHP8F;
				GENERATE_INFOPLIST_FILE = YES;
				LD_RUNPATH_SEARCH_PATHS = (
					"$(inherited)",
					"@executable_path/../Frameworks",
					"@loader_path/../Frameworks",
				);
				MARKETING_VERSION = 1.0;
				PRODUCT_BUNDLE_IDENTIFIER = com.patrickdomingo.EssentialFeedTests;
				PRODUCT_NAME = "$(TARGET_NAME)";
				SWIFT_EMIT_LOC_STRINGS = NO;
				SWIFT_VERSION = 5.0;
			};
			name = Release;
		};
/* End XCBuildConfiguration section */

/* Begin XCConfigurationList section */
		340824312898CF43002E68FF /* Build configuration list for PBXNativeTarget "EssentialFeedAPIEndToEndTests" */ = {
			isa = XCConfigurationList;
			buildConfigurations = (
				340824322898CF43002E68FF /* Debug */,
				340824332898CF43002E68FF /* Release */,
			);
			defaultConfigurationIsVisible = 0;
			defaultConfigurationName = Release;
		};
		34535CF62890F21A00CCA78B /* Build configuration list for PBXProject "EssentialFeed" */ = {
			isa = XCConfigurationList;
			buildConfigurations = (
				34535D0C2890F21A00CCA78B /* Debug */,
				34535D0D2890F21A00CCA78B /* Release */,
			);
			defaultConfigurationIsVisible = 0;
			defaultConfigurationName = Release;
		};
		34535D0E2890F21A00CCA78B /* Build configuration list for PBXNativeTarget "EssentialFeed" */ = {
			isa = XCConfigurationList;
			buildConfigurations = (
				34535D0F2890F21A00CCA78B /* Debug */,
				34535D102890F21A00CCA78B /* Release */,
			);
			defaultConfigurationIsVisible = 0;
			defaultConfigurationName = Release;
		};
		34535D112890F21A00CCA78B /* Build configuration list for PBXNativeTarget "EssentialFeedTests" */ = {
			isa = XCConfigurationList;
			buildConfigurations = (
				34535D122890F21A00CCA78B /* Debug */,
				34535D132890F21A00CCA78B /* Release */,
			);
			defaultConfigurationIsVisible = 0;
			defaultConfigurationName = Release;
		};
/* End XCConfigurationList section */
	};
	rootObject = 34535CF32890F21A00CCA78B /* Project object */;
}
