// !$*UTF8*$!
{
	archiveVersion = 1;
	classes = {
	};
	objectVersion = 55;
	objects = {

/* Begin PBXBuildFile section */
		344614B128A352470076062D /* AppDelegate.swift in Sources */ = {isa = PBXBuildFile; fileRef = 344614B028A352470076062D /* AppDelegate.swift */; };
		344614B328A352470076062D /* SceneDelegate.swift in Sources */ = {isa = PBXBuildFile; fileRef = 344614B228A352470076062D /* SceneDelegate.swift */; };
		344614BA28A352480076062D /* Assets.xcassets in Resources */ = {isa = PBXBuildFile; fileRef = 344614B928A352480076062D /* Assets.xcassets */; };
		344614BD28A352480076062D /* LaunchScreen.storyboard in Resources */ = {isa = PBXBuildFile; fileRef = 344614BB28A352480076062D /* LaunchScreen.storyboard */; };
		344614E328A353F60076062D /* EssentialFeed.framework in Frameworks */ = {isa = PBXBuildFile; fileRef = 344614E128A353F60076062D /* EssentialFeed.framework */; };
		344614E428A353F60076062D /* EssentialFeed.framework in Embed Frameworks */ = {isa = PBXBuildFile; fileRef = 344614E128A353F60076062D /* EssentialFeed.framework */; settings = {ATTRIBUTES = (CodeSignOnCopy, RemoveHeadersOnCopy, ); }; };
		344614E528A353F60076062D /* EssentialFeediOS.framework in Frameworks */ = {isa = PBXBuildFile; fileRef = 344614E228A353F60076062D /* EssentialFeediOS.framework */; };
		344614E628A353F60076062D /* EssentialFeediOS.framework in Embed Frameworks */ = {isa = PBXBuildFile; fileRef = 344614E228A353F60076062D /* EssentialFeediOS.framework */; settings = {ATTRIBUTES = (CodeSignOnCopy, RemoveHeadersOnCopy, ); }; };
		344614F228A376C80076062D /* XCTestCase+MemoryLeakTracking.swift in Sources */ = {isa = PBXBuildFile; fileRef = 344614F128A376C80076062D /* XCTestCase+MemoryLeakTracking.swift */; };
		344614F428A376FA0076062D /* SharedTestHelpers.swift in Sources */ = {isa = PBXBuildFile; fileRef = 344614F328A376FA0076062D /* SharedTestHelpers.swift */; };
		3446150228A497670076062D /* FeedImageDataLoaderSpy.swift in Sources */ = {isa = PBXBuildFile; fileRef = 3446150128A497670076062D /* FeedImageDataLoaderSpy.swift */; };
		3446150428A497C70076062D /* XCTestCase+FeedImageDataLoader.swift in Sources */ = {isa = PBXBuildFile; fileRef = 3446150328A497C70076062D /* XCTestCase+FeedImageDataLoader.swift */; };
		3446151B28A4E7B10076062D /* SceneDelegateTests.swift in Sources */ = {isa = PBXBuildFile; fileRef = 3446151A28A4E7B10076062D /* SceneDelegateTests.swift */; };
		3446152C28A4EB090076062D /* UIButton+TestHelpers.swift in Sources */ = {isa = PBXBuildFile; fileRef = 3446152A28A4EB080076062D /* UIButton+TestHelpers.swift */; };
		3446152D28A4EB090076062D /* FeedViewControllerTests+LoaderSpy.swift in Sources */ = {isa = PBXBuildFile; fileRef = 3446152628A4EB080076062D /* FeedViewControllerTests+LoaderSpy.swift */; };
		3446152E28A4EB090076062D /* FeedUIIntegrationTests+Localization.swift in Sources */ = {isa = PBXBuildFile; fileRef = 3446152828A4EB080076062D /* FeedUIIntegrationTests+Localization.swift */; };
		3446152F28A4EB090076062D /* FeedImageCell+TestHelpers.swift in Sources */ = {isa = PBXBuildFile; fileRef = 3446152728A4EB080076062D /* FeedImageCell+TestHelpers.swift */; };
		3446153028A4EB090076062D /* UIControl+TestHelpers.swift in Sources */ = {isa = PBXBuildFile; fileRef = 3446152528A4EB080076062D /* UIControl+TestHelpers.swift */; };
		3446153128A4EB090076062D /* FeedViewController+TestHelpers.swift in Sources */ = {isa = PBXBuildFile; fileRef = 3446152328A4EB070076062D /* FeedViewController+TestHelpers.swift */; };
		3446153228A4EB090076062D /* UIRefreshControl+TestHelpers.swift in Sources */ = {isa = PBXBuildFile; fileRef = 3446152B28A4EB080076062D /* UIRefreshControl+TestHelpers.swift */; };
		3446153328A4EB090076062D /* UIImage+TestHelpers.swift in Sources */ = {isa = PBXBuildFile; fileRef = 3446152928A4EB080076062D /* UIImage+TestHelpers.swift */; };
		3446153428A4EB090076062D /* FeedViewControllerTests+Assertions.swift in Sources */ = {isa = PBXBuildFile; fileRef = 3446152428A4EB070076062D /* FeedViewControllerTests+Assertions.swift */; };
		3446153628A4EB3A0076062D /* FeedUIIntegrationTests.swift in Sources */ = {isa = PBXBuildFile; fileRef = 3446153528A4EB3A0076062D /* FeedUIIntegrationTests.swift */; };
		3446153728A4EB840076062D /* FeedUIComposer.swift in Sources */ = {isa = PBXBuildFile; fileRef = 3446151C28A4EAAD0076062D /* FeedUIComposer.swift */; };
		3446153A28A4EB900076062D /* LoadResourcePresentationAdapter.swift in Sources */ = {isa = PBXBuildFile; fileRef = 3446151F28A4EAAD0076062D /* LoadResourcePresentationAdapter.swift */; };
		3446153B28A4EB900076062D /* FeedViewAdapter.swift in Sources */ = {isa = PBXBuildFile; fileRef = 3446152128A4EAAD0076062D /* FeedViewAdapter.swift */; };
		3446153C28A4EB900076062D /* WeakRefVirtualProxy.swift in Sources */ = {isa = PBXBuildFile; fileRef = 3446151E28A4EAAD0076062D /* WeakRefVirtualProxy.swift */; };
		3446153E28A4ED230076062D /* FeedAcceptanceTests.swift in Sources */ = {isa = PBXBuildFile; fileRef = 3446153D28A4ED230076062D /* FeedAcceptanceTests.swift */; };
		3446154B28A6290A0076062D /* CombineHelpers.swift in Sources */ = {isa = PBXBuildFile; fileRef = 3446154A28A6290A0076062D /* CombineHelpers.swift */; };
/* End PBXBuildFile section */

/* Begin PBXContainerItemProxy section */
		344614C428A352480076062D /* PBXContainerItemProxy */ = {
			isa = PBXContainerItemProxy;
			containerPortal = 344614A528A352470076062D /* Project object */;
			proxyType = 1;
			remoteGlobalIDString = 344614AC28A352470076062D;
			remoteInfo = EssentialApp;
		};
/* End PBXContainerItemProxy section */

/* Begin PBXCopyFilesBuildPhase section */
		344614E728A353F70076062D /* Embed Frameworks */ = {
			isa = PBXCopyFilesBuildPhase;
			buildActionMask = 2147483647;
			dstPath = "";
			dstSubfolderSpec = 10;
			files = (
				344614E428A353F60076062D /* EssentialFeed.framework in Embed Frameworks */,
				344614E628A353F60076062D /* EssentialFeediOS.framework in Embed Frameworks */,
			);
			name = "Embed Frameworks";
			runOnlyForDeploymentPostprocessing = 0;
		};
/* End PBXCopyFilesBuildPhase section */

/* Begin PBXFileReference section */
		344614AD28A352470076062D /* EssentialApp.app */ = {isa = PBXFileReference; explicitFileType = wrapper.application; includeInIndex = 0; path = EssentialApp.app; sourceTree = BUILT_PRODUCTS_DIR; };
		344614B028A352470076062D /* AppDelegate.swift */ = {isa = PBXFileReference; lastKnownFileType = sourcecode.swift; path = AppDelegate.swift; sourceTree = "<group>"; };
		344614B228A352470076062D /* SceneDelegate.swift */ = {isa = PBXFileReference; lastKnownFileType = sourcecode.swift; path = SceneDelegate.swift; sourceTree = "<group>"; };
		344614B928A352480076062D /* Assets.xcassets */ = {isa = PBXFileReference; lastKnownFileType = folder.assetcatalog; path = Assets.xcassets; sourceTree = "<group>"; };
		344614BC28A352480076062D /* Base */ = {isa = PBXFileReference; lastKnownFileType = file.storyboard; name = Base; path = Base.lproj/LaunchScreen.storyboard; sourceTree = "<group>"; };
		344614BE28A352480076062D /* Info.plist */ = {isa = PBXFileReference; lastKnownFileType = text.plist.xml; path = Info.plist; sourceTree = "<group>"; };
		344614C328A352480076062D /* EssentialAppTests.xctest */ = {isa = PBXFileReference; explicitFileType = wrapper.cfbundle; includeInIndex = 0; path = EssentialAppTests.xctest; sourceTree = BUILT_PRODUCTS_DIR; };
		344614E128A353F60076062D /* EssentialFeed.framework */ = {isa = PBXFileReference; explicitFileType = wrapper.framework; path = EssentialFeed.framework; sourceTree = BUILT_PRODUCTS_DIR; };
		344614E228A353F60076062D /* EssentialFeediOS.framework */ = {isa = PBXFileReference; explicitFileType = wrapper.framework; path = EssentialFeediOS.framework; sourceTree = BUILT_PRODUCTS_DIR; };
		344614F128A376C80076062D /* XCTestCase+MemoryLeakTracking.swift */ = {isa = PBXFileReference; lastKnownFileType = sourcecode.swift; path = "XCTestCase+MemoryLeakTracking.swift"; sourceTree = "<group>"; };
		344614F328A376FA0076062D /* SharedTestHelpers.swift */ = {isa = PBXFileReference; lastKnownFileType = sourcecode.swift; path = SharedTestHelpers.swift; sourceTree = "<group>"; };
		3446150128A497670076062D /* FeedImageDataLoaderSpy.swift */ = {isa = PBXFileReference; lastKnownFileType = sourcecode.swift; path = FeedImageDataLoaderSpy.swift; sourceTree = "<group>"; };
		3446150328A497C70076062D /* XCTestCase+FeedImageDataLoader.swift */ = {isa = PBXFileReference; lastKnownFileType = sourcecode.swift; path = "XCTestCase+FeedImageDataLoader.swift"; sourceTree = "<group>"; };
		3446151A28A4E7B10076062D /* SceneDelegateTests.swift */ = {isa = PBXFileReference; lastKnownFileType = sourcecode.swift; path = SceneDelegateTests.swift; sourceTree = "<group>"; };
		3446151C28A4EAAD0076062D /* FeedUIComposer.swift */ = {isa = PBXFileReference; lastKnownFileType = sourcecode.swift; path = FeedUIComposer.swift; sourceTree = "<group>"; };
		3446151E28A4EAAD0076062D /* WeakRefVirtualProxy.swift */ = {isa = PBXFileReference; lastKnownFileType = sourcecode.swift; path = WeakRefVirtualProxy.swift; sourceTree = "<group>"; };
		3446151F28A4EAAD0076062D /* LoadResourcePresentationAdapter.swift */ = {isa = PBXFileReference; lastKnownFileType = sourcecode.swift; path = LoadResourcePresentationAdapter.swift; sourceTree = "<group>"; };
		3446152128A4EAAD0076062D /* FeedViewAdapter.swift */ = {isa = PBXFileReference; lastKnownFileType = sourcecode.swift; path = FeedViewAdapter.swift; sourceTree = "<group>"; };
		3446152328A4EB070076062D /* FeedViewController+TestHelpers.swift */ = {isa = PBXFileReference; lastKnownFileType = sourcecode.swift; path = "FeedViewController+TestHelpers.swift"; sourceTree = "<group>"; };
		3446152428A4EB070076062D /* FeedViewControllerTests+Assertions.swift */ = {isa = PBXFileReference; lastKnownFileType = sourcecode.swift; path = "FeedViewControllerTests+Assertions.swift"; sourceTree = "<group>"; };
		3446152528A4EB080076062D /* UIControl+TestHelpers.swift */ = {isa = PBXFileReference; lastKnownFileType = sourcecode.swift; path = "UIControl+TestHelpers.swift"; sourceTree = "<group>"; };
		3446152628A4EB080076062D /* FeedViewControllerTests+LoaderSpy.swift */ = {isa = PBXFileReference; lastKnownFileType = sourcecode.swift; path = "FeedViewControllerTests+LoaderSpy.swift"; sourceTree = "<group>"; };
		3446152728A4EB080076062D /* FeedImageCell+TestHelpers.swift */ = {isa = PBXFileReference; lastKnownFileType = sourcecode.swift; path = "FeedImageCell+TestHelpers.swift"; sourceTree = "<group>"; };
		3446152828A4EB080076062D /* FeedUIIntegrationTests+Localization.swift */ = {isa = PBXFileReference; lastKnownFileType = sourcecode.swift; path = "FeedUIIntegrationTests+Localization.swift"; sourceTree = "<group>"; };
		3446152928A4EB080076062D /* UIImage+TestHelpers.swift */ = {isa = PBXFileReference; lastKnownFileType = sourcecode.swift; path = "UIImage+TestHelpers.swift"; sourceTree = "<group>"; };
		3446152A28A4EB080076062D /* UIButton+TestHelpers.swift */ = {isa = PBXFileReference; lastKnownFileType = sourcecode.swift; path = "UIButton+TestHelpers.swift"; sourceTree = "<group>"; };
		3446152B28A4EB080076062D /* UIRefreshControl+TestHelpers.swift */ = {isa = PBXFileReference; lastKnownFileType = sourcecode.swift; path = "UIRefreshControl+TestHelpers.swift"; sourceTree = "<group>"; };
		3446153528A4EB3A0076062D /* FeedUIIntegrationTests.swift */ = {isa = PBXFileReference; lastKnownFileType = sourcecode.swift; path = FeedUIIntegrationTests.swift; sourceTree = "<group>"; };
		3446153D28A4ED230076062D /* FeedAcceptanceTests.swift */ = {isa = PBXFileReference; lastKnownFileType = sourcecode.swift; path = FeedAcceptanceTests.swift; sourceTree = "<group>"; };
		3446154A28A6290A0076062D /* CombineHelpers.swift */ = {isa = PBXFileReference; lastKnownFileType = sourcecode.swift; path = CombineHelpers.swift; sourceTree = "<group>"; };
/* End PBXFileReference section */

/* Begin PBXFrameworksBuildPhase section */
		344614AA28A352470076062D /* Frameworks */ = {
			isa = PBXFrameworksBuildPhase;
			buildActionMask = 2147483647;
			files = (
				344614E328A353F60076062D /* EssentialFeed.framework in Frameworks */,
				344614E528A353F60076062D /* EssentialFeediOS.framework in Frameworks */,
			);
			runOnlyForDeploymentPostprocessing = 0;
		};
		344614C028A352480076062D /* Frameworks */ = {
			isa = PBXFrameworksBuildPhase;
			buildActionMask = 2147483647;
			files = (
			);
			runOnlyForDeploymentPostprocessing = 0;
		};
/* End PBXFrameworksBuildPhase section */

/* Begin PBXGroup section */
		344614A428A352470076062D = {
			isa = PBXGroup;
			children = (
				344614AF28A352470076062D /* EssentialApp */,
				344614C628A352480076062D /* EssentialAppTests */,
				344614AE28A352470076062D /* Products */,
				344614E028A353F60076062D /* Frameworks */,
			);
			sourceTree = "<group>";
		};
		344614AE28A352470076062D /* Products */ = {
			isa = PBXGroup;
			children = (
				344614AD28A352470076062D /* EssentialApp.app */,
				344614C328A352480076062D /* EssentialAppTests.xctest */,
			);
			name = Products;
			sourceTree = "<group>";
		};
		344614AF28A352470076062D /* EssentialApp */ = {
			isa = PBXGroup;
			children = (
				3446152228A4EAAD0076062D /* Composers */,
				3446154A28A6290A0076062D /* CombineHelpers.swift */,
				344614B028A352470076062D /* AppDelegate.swift */,
				344614B228A352470076062D /* SceneDelegate.swift */,
				344614B928A352480076062D /* Assets.xcassets */,
				344614BB28A352480076062D /* LaunchScreen.storyboard */,
				344614BE28A352480076062D /* Info.plist */,
			);
			path = EssentialApp;
			sourceTree = "<group>";
		};
		344614C628A352480076062D /* EssentialAppTests */ = {
			isa = PBXGroup;
			children = (
				344614F028A376B20076062D /* Helpers */,
				3446151A28A4E7B10076062D /* SceneDelegateTests.swift */,
				3446153528A4EB3A0076062D /* FeedUIIntegrationTests.swift */,
				3446153D28A4ED230076062D /* FeedAcceptanceTests.swift */,
			);
			path = EssentialAppTests;
			sourceTree = "<group>";
		};
		344614E028A353F60076062D /* Frameworks */ = {
			isa = PBXGroup;
			children = (
				344614E128A353F60076062D /* EssentialFeed.framework */,
				344614E228A353F60076062D /* EssentialFeediOS.framework */,
			);
			name = Frameworks;
			sourceTree = "<group>";
		};
		344614F028A376B20076062D /* Helpers */ = {
			isa = PBXGroup;
			children = (
				3446152928A4EB080076062D /* UIImage+TestHelpers.swift */,
				3446152B28A4EB080076062D /* UIRefreshControl+TestHelpers.swift */,
				3446152A28A4EB080076062D /* UIButton+TestHelpers.swift */,
				3446152528A4EB080076062D /* UIControl+TestHelpers.swift */,
				3446152328A4EB070076062D /* FeedViewController+TestHelpers.swift */,
				3446152728A4EB080076062D /* FeedImageCell+TestHelpers.swift */,
				3446152628A4EB080076062D /* FeedViewControllerTests+LoaderSpy.swift */,
				3446152428A4EB070076062D /* FeedViewControllerTests+Assertions.swift */,
				3446152828A4EB080076062D /* FeedUIIntegrationTests+Localization.swift */,
				344614F328A376FA0076062D /* SharedTestHelpers.swift */,
				3446150128A497670076062D /* FeedImageDataLoaderSpy.swift */,
				344614F128A376C80076062D /* XCTestCase+MemoryLeakTracking.swift */,
				3446150328A497C70076062D /* XCTestCase+FeedImageDataLoader.swift */,
			);
			path = Helpers;
			sourceTree = "<group>";
		};
		3446152228A4EAAD0076062D /* Composers */ = {
			isa = PBXGroup;
			children = (
				3446151C28A4EAAD0076062D /* FeedUIComposer.swift */,
				3446151E28A4EAAD0076062D /* WeakRefVirtualProxy.swift */,
				3446151F28A4EAAD0076062D /* LoadResourcePresentationAdapter.swift */,
				3446152128A4EAAD0076062D /* FeedViewAdapter.swift */,
			);
			path = Composers;
			sourceTree = "<group>";
		};
/* End PBXGroup section */

/* Begin PBXNativeTarget section */
		344614AC28A352470076062D /* EssentialApp */ = {
			isa = PBXNativeTarget;
			buildConfigurationList = 344614D728A352490076062D /* Build configuration list for PBXNativeTarget "EssentialApp" */;
			buildPhases = (
				344614A928A352470076062D /* Sources */,
				344614AA28A352470076062D /* Frameworks */,
				344614AB28A352470076062D /* Resources */,
				344614E728A353F70076062D /* Embed Frameworks */,
			);
			buildRules = (
			);
			dependencies = (
			);
			name = EssentialApp;
			productName = EssentialApp;
			productReference = 344614AD28A352470076062D /* EssentialApp.app */;
			productType = "com.apple.product-type.application";
		};
		344614C228A352480076062D /* EssentialAppTests */ = {
			isa = PBXNativeTarget;
			buildConfigurationList = 344614DA28A352490076062D /* Build configuration list for PBXNativeTarget "EssentialAppTests" */;
			buildPhases = (
				344614BF28A352480076062D /* Sources */,
				344614C028A352480076062D /* Frameworks */,
				344614C128A352480076062D /* Resources */,
			);
			buildRules = (
			);
			dependencies = (
				344614C528A352480076062D /* PBXTargetDependency */,
			);
			name = EssentialAppTests;
			productName = EssentialAppTests;
			productReference = 344614C328A352480076062D /* EssentialAppTests.xctest */;
			productType = "com.apple.product-type.bundle.unit-test";
		};
/* End PBXNativeTarget section */

/* Begin PBXProject section */
		344614A528A352470076062D /* Project object */ = {
			isa = PBXProject;
			attributes = {
				BuildIndependentTargetsInParallel = 1;
				LastSwiftUpdateCheck = 1340;
				LastUpgradeCheck = 1340;
				TargetAttributes = {
					344614AC28A352470076062D = {
						CreatedOnToolsVersion = 13.4.1;
					};
					344614C228A352480076062D = {
						CreatedOnToolsVersion = 13.4.1;
						LastSwiftMigration = 1340;
						TestTargetID = 344614AC28A352470076062D;
					};
				};
			};
			buildConfigurationList = 344614A828A352470076062D /* Build configuration list for PBXProject "EssentialApp" */;
			compatibilityVersion = "Xcode 13.0";
			developmentRegion = en;
			hasScannedForEncodings = 0;
			knownRegions = (
				en,
				Base,
			);
			mainGroup = 344614A428A352470076062D;
			productRefGroup = 344614AE28A352470076062D /* Products */;
			projectDirPath = "";
			projectRoot = "";
			targets = (
				344614AC28A352470076062D /* EssentialApp */,
				344614C228A352480076062D /* EssentialAppTests */,
			);
		};
/* End PBXProject section */

/* Begin PBXResourcesBuildPhase section */
		344614AB28A352470076062D /* Resources */ = {
			isa = PBXResourcesBuildPhase;
			buildActionMask = 2147483647;
			files = (
				344614BD28A352480076062D /* LaunchScreen.storyboard in Resources */,
				344614BA28A352480076062D /* Assets.xcassets in Resources */,
			);
			runOnlyForDeploymentPostprocessing = 0;
		};
		344614C128A352480076062D /* Resources */ = {
			isa = PBXResourcesBuildPhase;
			buildActionMask = 2147483647;
			files = (
			);
			runOnlyForDeploymentPostprocessing = 0;
		};
/* End PBXResourcesBuildPhase section */

/* Begin PBXSourcesBuildPhase section */
		344614A928A352470076062D /* Sources */ = {
			isa = PBXSourcesBuildPhase;
			buildActionMask = 2147483647;
			files = (
				3446153A28A4EB900076062D /* LoadResourcePresentationAdapter.swift in Sources */,
				3446153B28A4EB900076062D /* FeedViewAdapter.swift in Sources */,
				3446153728A4EB840076062D /* FeedUIComposer.swift in Sources */,
				344614B128A352470076062D /* AppDelegate.swift in Sources */,
				3446153C28A4EB900076062D /* WeakRefVirtualProxy.swift in Sources */,
				344614B328A352470076062D /* SceneDelegate.swift in Sources */,
				3446154B28A6290A0076062D /* CombineHelpers.swift in Sources */,
			);
			runOnlyForDeploymentPostprocessing = 0;
		};
		344614BF28A352480076062D /* Sources */ = {
			isa = PBXSourcesBuildPhase;
			buildActionMask = 2147483647;
			files = (
				344614F428A376FA0076062D /* SharedTestHelpers.swift in Sources */,
				3446152D28A4EB090076062D /* FeedViewControllerTests+LoaderSpy.swift in Sources */,
				3446153328A4EB090076062D /* UIImage+TestHelpers.swift in Sources */,
				3446153128A4EB090076062D /* FeedViewController+TestHelpers.swift in Sources */,
				3446153028A4EB090076062D /* UIControl+TestHelpers.swift in Sources */,
				3446150428A497C70076062D /* XCTestCase+FeedImageDataLoader.swift in Sources */,
				3446151B28A4E7B10076062D /* SceneDelegateTests.swift in Sources */,
				3446152C28A4EB090076062D /* UIButton+TestHelpers.swift in Sources */,
				3446152F28A4EB090076062D /* FeedImageCell+TestHelpers.swift in Sources */,
				3446153428A4EB090076062D /* FeedViewControllerTests+Assertions.swift in Sources */,
				3446152E28A4EB090076062D /* FeedUIIntegrationTests+Localization.swift in Sources */,
				3446150228A497670076062D /* FeedImageDataLoaderSpy.swift in Sources */,
				3446153228A4EB090076062D /* UIRefreshControl+TestHelpers.swift in Sources */,
				3446153E28A4ED230076062D /* FeedAcceptanceTests.swift in Sources */,
				3446153628A4EB3A0076062D /* FeedUIIntegrationTests.swift in Sources */,
				344614F228A376C80076062D /* XCTestCase+MemoryLeakTracking.swift in Sources */,
			);
			runOnlyForDeploymentPostprocessing = 0;
		};
/* End PBXSourcesBuildPhase section */

/* Begin PBXTargetDependency section */
		344614C528A352480076062D /* PBXTargetDependency */ = {
			isa = PBXTargetDependency;
			target = 344614AC28A352470076062D /* EssentialApp */;
			targetProxy = 344614C428A352480076062D /* PBXContainerItemProxy */;
		};
/* End PBXTargetDependency section */

/* Begin PBXVariantGroup section */
		344614BB28A352480076062D /* LaunchScreen.storyboard */ = {
			isa = PBXVariantGroup;
			children = (
				344614BC28A352480076062D /* Base */,
			);
			name = LaunchScreen.storyboard;
			sourceTree = "<group>";
		};
/* End PBXVariantGroup section */

/* Begin XCBuildConfiguration section */
		344614D528A352490076062D /* Debug */ = {
			isa = XCBuildConfiguration;
			buildSettings = {
				ALWAYS_SEARCH_USER_PATHS = NO;
				CLANG_ANALYZER_NONNULL = YES;
				CLANG_ANALYZER_NUMBER_OBJECT_CONVERSION = YES_AGGRESSIVE;
				CLANG_CXX_LANGUAGE_STANDARD = "gnu++17";
				CLANG_ENABLE_MODULES = YES;
				CLANG_ENABLE_OBJC_ARC = YES;
				CLANG_ENABLE_OBJC_WEAK = YES;
				CLANG_WARN_BLOCK_CAPTURE_AUTORELEASING = YES;
				CLANG_WARN_BOOL_CONVERSION = YES;
				CLANG_WARN_COMMA = YES;
				CLANG_WARN_CONSTANT_CONVERSION = YES;
				CLANG_WARN_DEPRECATED_OBJC_IMPLEMENTATIONS = YES;
				CLANG_WARN_DIRECT_OBJC_ISA_USAGE = YES_ERROR;
				CLANG_WARN_DOCUMENTATION_COMMENTS = YES;
				CLANG_WARN_EMPTY_BODY = YES;
				CLANG_WARN_ENUM_CONVERSION = YES;
				CLANG_WARN_INFINITE_RECURSION = YES;
				CLANG_WARN_INT_CONVERSION = YES;
				CLANG_WARN_NON_LITERAL_NULL_CONVERSION = YES;
				CLANG_WARN_OBJC_IMPLICIT_RETAIN_SELF = YES;
				CLANG_WARN_OBJC_LITERAL_CONVERSION = YES;
				CLANG_WARN_OBJC_ROOT_CLASS = YES_ERROR;
				CLANG_WARN_QUOTED_INCLUDE_IN_FRAMEWORK_HEADER = YES;
				CLANG_WARN_RANGE_LOOP_ANALYSIS = YES;
				CLANG_WARN_STRICT_PROTOTYPES = YES;
				CLANG_WARN_SUSPICIOUS_MOVE = YES;
				CLANG_WARN_UNGUARDED_AVAILABILITY = YES_AGGRESSIVE;
				CLANG_WARN_UNREACHABLE_CODE = YES;
				CLANG_WARN__DUPLICATE_METHOD_MATCH = YES;
				COPY_PHASE_STRIP = NO;
				DEBUG_INFORMATION_FORMAT = dwarf;
				ENABLE_STRICT_OBJC_MSGSEND = YES;
				ENABLE_TESTABILITY = YES;
				GCC_C_LANGUAGE_STANDARD = gnu11;
				GCC_DYNAMIC_NO_PIC = NO;
				GCC_NO_COMMON_BLOCKS = YES;
				GCC_OPTIMIZATION_LEVEL = 0;
				GCC_PREPROCESSOR_DEFINITIONS = (
					"DEBUG=1",
					"$(inherited)",
				);
				GCC_WARN_64_TO_32_BIT_CONVERSION = YES;
				GCC_WARN_ABOUT_RETURN_TYPE = YES_ERROR;
				GCC_WARN_UNDECLARED_SELECTOR = YES;
				GCC_WARN_UNINITIALIZED_AUTOS = YES_AGGRESSIVE;
				GCC_WARN_UNUSED_FUNCTION = YES;
				GCC_WARN_UNUSED_VARIABLE = YES;
				IPHONEOS_DEPLOYMENT_TARGET = 15.5;
				MTL_ENABLE_DEBUG_INFO = INCLUDE_SOURCE;
				MTL_FAST_MATH = YES;
				ONLY_ACTIVE_ARCH = YES;
				SDKROOT = iphoneos;
				SWIFT_ACTIVE_COMPILATION_CONDITIONS = DEBUG;
				SWIFT_OPTIMIZATION_LEVEL = "-Onone";
			};
			name = Debug;
		};
		344614D628A352490076062D /* Release */ = {
			isa = XCBuildConfiguration;
			buildSettings = {
				ALWAYS_SEARCH_USER_PATHS = NO;
				CLANG_ANALYZER_NONNULL = YES;
				CLANG_ANALYZER_NUMBER_OBJECT_CONVERSION = YES_AGGRESSIVE;
				CLANG_CXX_LANGUAGE_STANDARD = "gnu++17";
				CLANG_ENABLE_MODULES = YES;
				CLANG_ENABLE_OBJC_ARC = YES;
				CLANG_ENABLE_OBJC_WEAK = YES;
				CLANG_WARN_BLOCK_CAPTURE_AUTORELEASING = YES;
				CLANG_WARN_BOOL_CONVERSION = YES;
				CLANG_WARN_COMMA = YES;
				CLANG_WARN_CONSTANT_CONVERSION = YES;
				CLANG_WARN_DEPRECATED_OBJC_IMPLEMENTATIONS = YES;
				CLANG_WARN_DIRECT_OBJC_ISA_USAGE = YES_ERROR;
				CLANG_WARN_DOCUMENTATION_COMMENTS = YES;
				CLANG_WARN_EMPTY_BODY = YES;
				CLANG_WARN_ENUM_CONVERSION = YES;
				CLANG_WARN_INFINITE_RECURSION = YES;
				CLANG_WARN_INT_CONVERSION = YES;
				CLANG_WARN_NON_LITERAL_NULL_CONVERSION = YES;
				CLANG_WARN_OBJC_IMPLICIT_RETAIN_SELF = YES;
				CLANG_WARN_OBJC_LITERAL_CONVERSION = YES;
				CLANG_WARN_OBJC_ROOT_CLASS = YES_ERROR;
				CLANG_WARN_QUOTED_INCLUDE_IN_FRAMEWORK_HEADER = YES;
				CLANG_WARN_RANGE_LOOP_ANALYSIS = YES;
				CLANG_WARN_STRICT_PROTOTYPES = YES;
				CLANG_WARN_SUSPICIOUS_MOVE = YES;
				CLANG_WARN_UNGUARDED_AVAILABILITY = YES_AGGRESSIVE;
				CLANG_WARN_UNREACHABLE_CODE = YES;
				CLANG_WARN__DUPLICATE_METHOD_MATCH = YES;
				COPY_PHASE_STRIP = NO;
				DEBUG_INFORMATION_FORMAT = "dwarf-with-dsym";
				ENABLE_NS_ASSERTIONS = NO;
				ENABLE_STRICT_OBJC_MSGSEND = YES;
				GCC_C_LANGUAGE_STANDARD = gnu11;
				GCC_NO_COMMON_BLOCKS = YES;
				GCC_WARN_64_TO_32_BIT_CONVERSION = YES;
				GCC_WARN_ABOUT_RETURN_TYPE = YES_ERROR;
				GCC_WARN_UNDECLARED_SELECTOR = YES;
				GCC_WARN_UNINITIALIZED_AUTOS = YES_AGGRESSIVE;
				GCC_WARN_UNUSED_FUNCTION = YES;
				GCC_WARN_UNUSED_VARIABLE = YES;
				IPHONEOS_DEPLOYMENT_TARGET = 15.5;
				MTL_ENABLE_DEBUG_INFO = NO;
				MTL_FAST_MATH = YES;
				SDKROOT = iphoneos;
				SWIFT_COMPILATION_MODE = wholemodule;
				SWIFT_OPTIMIZATION_LEVEL = "-O";
				VALIDATE_PRODUCT = YES;
			};
			name = Release;
		};
		344614D828A352490076062D /* Debug */ = {
			isa = XCBuildConfiguration;
			buildSettings = {
				ASSETCATALOG_COMPILER_APPICON_NAME = AppIcon;
				ASSETCATALOG_COMPILER_GLOBAL_ACCENT_COLOR_NAME = AccentColor;
				CODE_SIGN_STYLE = Automatic;
				CURRENT_PROJECT_VERSION = 1;
				DEVELOPMENT_TEAM = 5V755NHP8F;
				GENERATE_INFOPLIST_FILE = YES;
				INFOPLIST_FILE = EssentialApp/Info.plist;
				INFOPLIST_KEY_UIApplicationSupportsIndirectInputEvents = YES;
				INFOPLIST_KEY_UILaunchStoryboardName = LaunchScreen;
				INFOPLIST_KEY_UISupportedInterfaceOrientations = UIInterfaceOrientationPortrait;
				INFOPLIST_KEY_UISupportedInterfaceOrientations_iPad = "UIInterfaceOrientationPortrait UIInterfaceOrientationPortraitUpsideDown UIInterfaceOrientationLandscapeLeft UIInterfaceOrientationLandscapeRight";
				INFOPLIST_KEY_UISupportedInterfaceOrientations_iPhone = "UIInterfaceOrientationPortrait UIInterfaceOrientationLandscapeLeft UIInterfaceOrientationLandscapeRight";
				LD_RUNPATH_SEARCH_PATHS = (
					"$(inherited)",
					"@executable_path/Frameworks",
				);
				MARKETING_VERSION = 1.0;
				PRODUCT_BUNDLE_IDENTIFIER = com.patrickdomingo.EssentialApp;
				PRODUCT_NAME = "$(TARGET_NAME)";
				SWIFT_EMIT_LOC_STRINGS = YES;
				SWIFT_VERSION = 5.0;
				TARGETED_DEVICE_FAMILY = "1,2";
			};
			name = Debug;
		};
		344614D928A352490076062D /* Release */ = {
			isa = XCBuildConfiguration;
			buildSettings = {
				ASSETCATALOG_COMPILER_APPICON_NAME = AppIcon;
				ASSETCATALOG_COMPILER_GLOBAL_ACCENT_COLOR_NAME = AccentColor;
				CODE_SIGN_STYLE = Automatic;
				CURRENT_PROJECT_VERSION = 1;
				DEVELOPMENT_TEAM = 5V755NHP8F;
				GENERATE_INFOPLIST_FILE = YES;
				INFOPLIST_FILE = EssentialApp/Info.plist;
				INFOPLIST_KEY_UIApplicationSupportsIndirectInputEvents = YES;
				INFOPLIST_KEY_UILaunchStoryboardName = LaunchScreen;
				INFOPLIST_KEY_UISupportedInterfaceOrientations = UIInterfaceOrientationPortrait;
				INFOPLIST_KEY_UISupportedInterfaceOrientations_iPad = "UIInterfaceOrientationPortrait UIInterfaceOrientationPortraitUpsideDown UIInterfaceOrientationLandscapeLeft UIInterfaceOrientationLandscapeRight";
				INFOPLIST_KEY_UISupportedInterfaceOrientations_iPhone = "UIInterfaceOrientationPortrait UIInterfaceOrientationLandscapeLeft UIInterfaceOrientationLandscapeRight";
				LD_RUNPATH_SEARCH_PATHS = (
					"$(inherited)",
					"@executable_path/Frameworks",
				);
				MARKETING_VERSION = 1.0;
				PRODUCT_BUNDLE_IDENTIFIER = com.patrickdomingo.EssentialApp;
				PRODUCT_NAME = "$(TARGET_NAME)";
				SWIFT_EMIT_LOC_STRINGS = YES;
				SWIFT_VERSION = 5.0;
				TARGETED_DEVICE_FAMILY = "1,2";
			};
			name = Release;
		};
		344614DB28A352490076062D /* Debug */ = {
			isa = XCBuildConfiguration;
			buildSettings = {
				ALWAYS_EMBED_SWIFT_STANDARD_LIBRARIES = YES;
				BUNDLE_LOADER = "$(TEST_HOST)";
				CLANG_ENABLE_MODULES = YES;
				CODE_SIGN_STYLE = Automatic;
				CURRENT_PROJECT_VERSION = 1;
				DEVELOPMENT_TEAM = 5V755NHP8F;
				GENERATE_INFOPLIST_FILE = YES;
				IPHONEOS_DEPLOYMENT_TARGET = 15.5;
				LD_RUNPATH_SEARCH_PATHS = (
					"$(inherited)",
					"@executable_path/Frameworks",
					"@loader_path/Frameworks",
				);
				MARKETING_VERSION = 1.0;
				PRODUCT_BUNDLE_IDENTIFIER = com.patrickdomingo.EssentialAppTests;
				PRODUCT_NAME = "$(TARGET_NAME)";
				SWIFT_EMIT_LOC_STRINGS = NO;
				SWIFT_OPTIMIZATION_LEVEL = "-Onone";
				SWIFT_VERSION = 5.0;
				TARGETED_DEVICE_FAMILY = "1,2";
				TEST_HOST = "$(BUILT_PRODUCTS_DIR)/EssentialApp.app/EssentialApp";
			};
			name = Debug;
		};
		344614DC28A352490076062D /* Release */ = {
			isa = XCBuildConfiguration;
			buildSettings = {
				ALWAYS_EMBED_SWIFT_STANDARD_LIBRARIES = YES;
				BUNDLE_LOADER = "$(TEST_HOST)";
				CLANG_ENABLE_MODULES = YES;
				CODE_SIGN_STYLE = Automatic;
				CURRENT_PROJECT_VERSION = 1;
				DEVELOPMENT_TEAM = 5V755NHP8F;
				GENERATE_INFOPLIST_FILE = YES;
				IPHONEOS_DEPLOYMENT_TARGET = 15.5;
				LD_RUNPATH_SEARCH_PATHS = (
					"$(inherited)",
					"@executable_path/Frameworks",
					"@loader_path/Frameworks",
				);
				MARKETING_VERSION = 1.0;
				PRODUCT_BUNDLE_IDENTIFIER = com.patrickdomingo.EssentialAppTests;
				PRODUCT_NAME = "$(TARGET_NAME)";
				SWIFT_EMIT_LOC_STRINGS = NO;
				SWIFT_VERSION = 5.0;
				TARGETED_DEVICE_FAMILY = "1,2";
				TEST_HOST = "$(BUILT_PRODUCTS_DIR)/EssentialApp.app/EssentialApp";
			};
			name = Release;
		};
/* End XCBuildConfiguration section */

/* Begin XCConfigurationList section */
		344614A828A352470076062D /* Build configuration list for PBXProject "EssentialApp" */ = {
			isa = XCConfigurationList;
			buildConfigurations = (
				344614D528A352490076062D /* Debug */,
				344614D628A352490076062D /* Release */,
			);
			defaultConfigurationIsVisible = 0;
			defaultConfigurationName = Release;
		};
		344614D728A352490076062D /* Build configuration list for PBXNativeTarget "EssentialApp" */ = {
			isa = XCConfigurationList;
			buildConfigurations = (
				344614D828A352490076062D /* Debug */,
				344614D928A352490076062D /* Release */,
			);
			defaultConfigurationIsVisible = 0;
			defaultConfigurationName = Release;
		};
		344614DA28A352490076062D /* Build configuration list for PBXNativeTarget "EssentialAppTests" */ = {
			isa = XCConfigurationList;
			buildConfigurations = (
				344614DB28A352490076062D /* Debug */,
				344614DC28A352490076062D /* Release */,
			);
			defaultConfigurationIsVisible = 0;
			defaultConfigurationName = Release;
		};
/* End XCConfigurationList section */
	};
	rootObject = 344614A528A352470076062D /* Project object */;
}
